
Microsoft Visual Studio Solution File, Format Version 12.00
# Visual Studio 2012
Project("{FAE04EC0-301F-11D3-BF4B-00C04F79EFBC}") = "BrainThudTest", "BrainThudTest\BrainThudTest.csproj", "{6D256987-ED2C-4F60-9F0F-E4DDDCEAAF57}"
EndProject
Project("{CC5FD16D-436D-48AD-A40C-5A424C6E3E79}") = "BrainThudCloudService", "BrainThudCloudService\BrainThudCloudService.ccproj", "{A88AD4CB-C906-4B0F-ABF9-DA2DD906679C}"
EndProject
Project("{FAE04EC0-301F-11D3-BF4B-00C04F79EFBC}") = "BrainThud.Web", "BrainThud.Web\BrainThud.Web.csproj", "{7A052710-6240-4B71-8E72-39C90401B2C7}"
EndProject
Project("{FAE04EC0-301F-11D3-BF4B-00C04F79EFBC}") = "BrainThud.Admin", "BrainThud.Admin\BrainThud.Admin.csproj", "{EC70CB14-A2F8-4E08-B7B4-0FF698F7AA01}"
EndProject
Project("{FAE04EC0-301F-11D3-BF4B-00C04F79EFBC}") = "BrainThud.Win", "BrainThud.Win\BrainThud.Win.csproj", "{50DCC37F-363C-4392-984D-7B7500E346EC}"
EndProject
Project("{FAE04EC0-301F-11D3-BF4B-00C04F79EFBC}") = "BrainThud.WinPhone", "BrainThud.WinPhone\BrainThud.WinPhone.csproj", "{6E483DED-C85B-4DB4-9048-B6CCD1B639BD}"
EndProject
Global
	GlobalSection(SolutionConfigurationPlatforms) = preSolution
		Debug|Any CPU = Debug|Any CPU
		Debug|ARM = Debug|ARM
		Debug|x64 = Debug|x64
		Debug|x86 = Debug|x86
		Release|Any CPU = Release|Any CPU
		Release|ARM = Release|ARM
		Release|x64 = Release|x64
		Release|x86 = Release|x86
	EndGlobalSection
	GlobalSection(ProjectConfigurationPlatforms) = postSolution
		{6D256987-ED2C-4F60-9F0F-E4DDDCEAAF57}.Debug|Any CPU.ActiveCfg = Debug|Any CPU
		{6D256987-ED2C-4F60-9F0F-E4DDDCEAAF57}.Debug|Any CPU.Build.0 = Debug|Any CPU
		{6D256987-ED2C-4F60-9F0F-E4DDDCEAAF57}.Debug|ARM.ActiveCfg = Debug|Any CPU
		{6D256987-ED2C-4F60-9F0F-E4DDDCEAAF57}.Debug|x64.ActiveCfg = Debug|Any CPU
		{6D256987-ED2C-4F60-9F0F-E4DDDCEAAF57}.Debug|x86.ActiveCfg = Debug|Any CPU
		{6D256987-ED2C-4F60-9F0F-E4DDDCEAAF57}.Release|Any CPU.ActiveCfg = Release|Any CPU
		{6D256987-ED2C-4F60-9F0F-E4DDDCEAAF57}.Release|Any CPU.Build.0 = Release|Any CPU
		{6D256987-ED2C-4F60-9F0F-E4DDDCEAAF57}.Release|ARM.ActiveCfg = Release|Any CPU
		{6D256987-ED2C-4F60-9F0F-E4DDDCEAAF57}.Release|x64.ActiveCfg = Release|Any CPU
		{6D256987-ED2C-4F60-9F0F-E4DDDCEAAF57}.Release|x86.ActiveCfg = Release|Any CPU
		{A88AD4CB-C906-4B0F-ABF9-DA2DD906679C}.Debug|Any CPU.ActiveCfg = Debug|Any CPU
		{A88AD4CB-C906-4B0F-ABF9-DA2DD906679C}.Debug|Any CPU.Build.0 = Debug|Any CPU
		{A88AD4CB-C906-4B0F-ABF9-DA2DD906679C}.Debug|ARM.ActiveCfg = Debug|Any CPU
		{A88AD4CB-C906-4B0F-ABF9-DA2DD906679C}.Debug|x64.ActiveCfg = Debug|Any CPU
		{A88AD4CB-C906-4B0F-ABF9-DA2DD906679C}.Debug|x86.ActiveCfg = Debug|Any CPU
		{A88AD4CB-C906-4B0F-ABF9-DA2DD906679C}.Release|Any CPU.ActiveCfg = Release|Any CPU
		{A88AD4CB-C906-4B0F-ABF9-DA2DD906679C}.Release|Any CPU.Build.0 = Release|Any CPU
		{A88AD4CB-C906-4B0F-ABF9-DA2DD906679C}.Release|ARM.ActiveCfg = Release|Any CPU
		{A88AD4CB-C906-4B0F-ABF9-DA2DD906679C}.Release|x64.ActiveCfg = Release|Any CPU
		{A88AD4CB-C906-4B0F-ABF9-DA2DD906679C}.Release|x86.ActiveCfg = Release|Any CPU
		{7A052710-6240-4B71-8E72-39C90401B2C7}.Debug|Any CPU.ActiveCfg = Debug|Any CPU
		{7A052710-6240-4B71-8E72-39C90401B2C7}.Debug|Any CPU.Build.0 = Debug|Any CPU
		{7A052710-6240-4B71-8E72-39C90401B2C7}.Debug|ARM.ActiveCfg = Debug|Any CPU
		{7A052710-6240-4B71-8E72-39C90401B2C7}.Debug|x64.ActiveCfg = Debug|Any CPU
		{7A052710-6240-4B71-8E72-39C90401B2C7}.Debug|x86.ActiveCfg = Debug|Any CPU
		{7A052710-6240-4B71-8E72-39C90401B2C7}.Release|Any CPU.ActiveCfg = Release|Any CPU
		{7A052710-6240-4B71-8E72-39C90401B2C7}.Release|Any CPU.Build.0 = Release|Any CPU
		{7A052710-6240-4B71-8E72-39C90401B2C7}.Release|ARM.ActiveCfg = Release|Any CPU
		{7A052710-6240-4B71-8E72-39C90401B2C7}.Release|x64.ActiveCfg = Release|Any CPU
		{7A052710-6240-4B71-8E72-39C90401B2C7}.Release|x86.ActiveCfg = Release|Any CPU
		{EC70CB14-A2F8-4E08-B7B4-0FF698F7AA01}.Debug|Any CPU.ActiveCfg = Debug|Any CPU
		{EC70CB14-A2F8-4E08-B7B4-0FF698F7AA01}.Debug|Any CPU.Build.0 = Debug|Any CPU
		{EC70CB14-A2F8-4E08-B7B4-0FF698F7AA01}.Debug|ARM.ActiveCfg = Debug|Any CPU
		{EC70CB14-A2F8-4E08-B7B4-0FF698F7AA01}.Debug|x64.ActiveCfg = Debug|Any CPU
		{EC70CB14-A2F8-4E08-B7B4-0FF698F7AA01}.Debug|x86.ActiveCfg = Debug|Any CPU
		{EC70CB14-A2F8-4E08-B7B4-0FF698F7AA01}.Release|Any CPU.ActiveCfg = Release|Any CPU
		{EC70CB14-A2F8-4E08-B7B4-0FF698F7AA01}.Release|Any CPU.Build.0 = Release|Any CPU
		{EC70CB14-A2F8-4E08-B7B4-0FF698F7AA01}.Release|ARM.ActiveCfg = Release|Any CPU
		{EC70CB14-A2F8-4E08-B7B4-0FF698F7AA01}.Release|x64.ActiveCfg = Release|Any CPU
		{EC70CB14-A2F8-4E08-B7B4-0FF698F7AA01}.Release|x86.ActiveCfg = Release|Any CPU
		{50DCC37F-363C-4392-984D-7B7500E346EC}.Debug|Any CPU.ActiveCfg = Debug|Any CPU
		{50DCC37F-363C-4392-984D-7B7500E346EC}.Debug|Any CPU.Build.0 = Debug|Any CPU
		{50DCC37F-363C-4392-984D-7B7500E346EC}.Debug|Any CPU.Deploy.0 = Debug|Any CPU
		{50DCC37F-363C-4392-984D-7B7500E346EC}.Debug|ARM.ActiveCfg = Debug|ARM
		{50DCC37F-363C-4392-984D-7B7500E346EC}.Debug|ARM.Build.0 = Debug|ARM
		{50DCC37F-363C-4392-984D-7B7500E346EC}.Debug|ARM.Deploy.0 = Debug|ARM
		{50DCC37F-363C-4392-984D-7B7500E346EC}.Debug|x64.ActiveCfg = Debug|x64
		{50DCC37F-363C-4392-984D-7B7500E346EC}.Debug|x64.Build.0 = Debug|x64
		{50DCC37F-363C-4392-984D-7B7500E346EC}.Debug|x64.Deploy.0 = Debug|x64
		{50DCC37F-363C-4392-984D-7B7500E346EC}.Debug|x86.ActiveCfg = Debug|x86
		{50DCC37F-363C-4392-984D-7B7500E346EC}.Debug|x86.Build.0 = Debug|x86
		{50DCC37F-363C-4392-984D-7B7500E346EC}.Debug|x86.Deploy.0 = Debug|x86
		{50DCC37F-363C-4392-984D-7B7500E346EC}.Release|Any CPU.ActiveCfg = Release|Any CPU
		{50DCC37F-363C-4392-984D-7B7500E346EC}.Release|Any CPU.Build.0 = Release|Any CPU
		{50DCC37F-363C-4392-984D-7B7500E346EC}.Release|Any CPU.Deploy.0 = Release|Any CPU
		{50DCC37F-363C-4392-984D-7B7500E346EC}.Release|ARM.ActiveCfg = Release|ARM
		{50DCC37F-363C-4392-984D-7B7500E346EC}.Release|ARM.Build.0 = Release|ARM
		{50DCC37F-363C-4392-984D-7B7500E346EC}.Release|ARM.Deploy.0 = Release|ARM
		{50DCC37F-363C-4392-984D-7B7500E346EC}.Release|x64.ActiveCfg = Release|x64
		{50DCC37F-363C-4392-984D-7B7500E346EC}.Release|x64.Build.0 = Release|x64
		{50DCC37F-363C-4392-984D-7B7500E346EC}.Release|x64.Deploy.0 = Release|x64
		{50DCC37F-363C-4392-984D-7B7500E346EC}.Release|x86.ActiveCfg = Release|x86
		{50DCC37F-363C-4392-984D-7B7500E346EC}.Release|x86.Build.0 = Release|x86
		{50DCC37F-363C-4392-984D-7B7500E346EC}.Release|x86.Deploy.0 = Release|x86
		{6E483DED-C85B-4DB4-9048-B6CCD1B639BD}.Debug|Any CPU.ActiveCfg = Debug|Any CPU
		{6E483DED-C85B-4DB4-9048-B6CCD1B639BD}.Debug|Any CPU.Build.0 = Debug|Any CPU
		{6E483DED-C85B-4DB4-9048-B6CCD1B639BD}.Debug|Any CPU.Deploy.0 = Debug|Any CPU
		{6E483DED-C85B-4DB4-9048-B6CCD1B639BD}.Debug|ARM.ActiveCfg = Debug|Any CPU
		{6E483DED-C85B-4DB4-9048-B6CCD1B639BD}.Debug|x64.ActiveCfg = Debug|Any CPU
		{6E483DED-C85B-4DB4-9048-B6CCD1B639BD}.Debug|x86.ActiveCfg = Debug|Any CPU
		{6E483DED-C85B-4DB4-9048-B6CCD1B639BD}.Release|Any CPU.ActiveCfg = Release|Any CPU
		{6E483DED-C85B-4DB4-9048-B6CCD1B639BD}.Release|Any CPU.Build.0 = Release|Any CPU
		{6E483DED-C85B-4DB4-9048-B6CCD1B639BD}.Release|Any CPU.Deploy.0 = Release|Any CPU
		{6E483DED-C85B-4DB4-9048-B6CCD1B639BD}.Release|ARM.ActiveCfg = Release|Any CPU
		{6E483DED-C85B-4DB4-9048-B6CCD1B639BD}.Release|x64.ActiveCfg = Release|Any CPU
		{6E483DED-C85B-4DB4-9048-B6CCD1B639BD}.Release|x86.ActiveCfg = Release|Any CPU
	EndGlobalSection
	GlobalSection(SolutionProperties) = preSolution
		HideSolutionNode = FALSE
	EndGlobalSection
EndGlobal
