
Microsoft Visual Studio Solution File, Format Version 12.00
# Visual Studio 2012
Project("{FAE04EC0-301F-11D3-BF4B-00C04F79EFBC}") = "BrainThudTest", "BrainThudTest\BrainThudTest.csproj", "{6D256987-ED2C-4F60-9F0F-E4DDDCEAAF57}"
EndProject
Project("{CC5FD16D-436D-48AD-A40C-5A424C6E3E79}") = "BrainThudCloudService", "BrainThudCloudService\BrainThudCloudService.ccproj", "{A88AD4CB-C906-4B0F-ABF9-DA2DD906679C}"
EndProject
Project("{FAE04EC0-301F-11D3-BF4B-00C04F79EFBC}") = "BrainThud.Web", "BrainThud.Web\BrainThud.Web.csproj", "{7A052710-6240-4B71-8E72-39C90401B2C7}"
EndProject
Project("{FAE04EC0-301F-11D3-BF4B-00C04F79EFBC}") = "BrainThud.Admin", "BrainThud.Admin\BrainThud.Admin.csproj", "{EC70CB14-A2F8-4E08-B7B4-0FF698F7AA01}"
EndProject
Project("{FAE04EC0-301F-11D3-BF4B-00C04F79EFBC}") = "BrainThud.Win", "BrainThud.Win\BrainThud.Win.csproj", "{50DCC37F-363C-4392-984D-7B7500E346EC}"
EndProject
Project("{FAE04EC0-301F-11D3-BF4B-00C04F79EFBC}") = "BrainThud.WinPhone", "BrainThud.WinPhone\BrainThud.WinPhone.csproj", "{6E483DED-C85B-4DB4-9048-B6CCD1B639BD}"
EndProject
Project("{FAE04EC0-301F-11D3-BF4B-00C04F79EFBC}") = "BrainThud.AndroidPhone", "BrainThud.AndroidPhone\BrainThud.AndroidPhone.csproj", "{0D3F5F02-9371-49CF-9820-FFAA3A8E8D44}"
EndProject
Project("{FAE04EC0-301F-11D3-BF4B-00C04F79EFBC}") = "BrainThud.AndroidTablet", "BrainThud.AndroidTablet\BrainThud.AndroidTablet.csproj", "{E041902E-84F9-4C0A-B178-A36626B1CC67}"
EndProject
Project("{FAE04EC0-301F-11D3-BF4B-00C04F79EFBC}") = "BrainThud.IPhone", "BrainThud.IPhone\BrainThud.IPhone.csproj", "{16D77DD3-017C-4E65-A92E-CF15E5ECC201}"
EndProject
Project("{FAE04EC0-301F-11D3-BF4B-00C04F79EFBC}") = "BrainThud.IPad", "BrainThud.IPad\BrainThud.IPad.csproj", "{BE7C8C1C-09A8-4C33-B371-BFB8D04BAD8C}"
EndProject
Project("{FAE04EC0-301F-11D3-BF4B-00C04F79EFBC}") = "BrainThud.Core", "BrainThud.Core\BrainThud.Core.csproj", "{73F9AB29-527B-49EA-A24E-E4C800D1800D}"
EndProject
Global
	GlobalSection(SolutionConfigurationPlatforms) = preSolution
		Ad-Hoc|Any CPU = Ad-Hoc|Any CPU
		Ad-Hoc|ARM = Ad-Hoc|ARM
		Ad-Hoc|iPhone = Ad-Hoc|iPhone
		Ad-Hoc|iPhoneSimulator = Ad-Hoc|iPhoneSimulator
		Ad-Hoc|Mixed Platforms = Ad-Hoc|Mixed Platforms
		Ad-Hoc|x64 = Ad-Hoc|x64
		Ad-Hoc|x86 = Ad-Hoc|x86
		AndroidPhone|Any CPU = AndroidPhone|Any CPU
		AndroidPhone|ARM = AndroidPhone|ARM
		AndroidPhone|iPhone = AndroidPhone|iPhone
		AndroidPhone|iPhoneSimulator = AndroidPhone|iPhoneSimulator
		AndroidPhone|Mixed Platforms = AndroidPhone|Mixed Platforms
		AndroidPhone|x64 = AndroidPhone|x64
		AndroidPhone|x86 = AndroidPhone|x86
		AndroidTablet|Any CPU = AndroidTablet|Any CPU
		AndroidTablet|ARM = AndroidTablet|ARM
		AndroidTablet|iPhone = AndroidTablet|iPhone
		AndroidTablet|iPhoneSimulator = AndroidTablet|iPhoneSimulator
		AndroidTablet|Mixed Platforms = AndroidTablet|Mixed Platforms
		AndroidTablet|x64 = AndroidTablet|x64
		AndroidTablet|x86 = AndroidTablet|x86
		AppStore|Any CPU = AppStore|Any CPU
		AppStore|ARM = AppStore|ARM
		AppStore|iPhone = AppStore|iPhone
		AppStore|iPhoneSimulator = AppStore|iPhoneSimulator
		AppStore|Mixed Platforms = AppStore|Mixed Platforms
		AppStore|x64 = AppStore|x64
		AppStore|x86 = AppStore|x86
		Debug|Any CPU = Debug|Any CPU
		Debug|ARM = Debug|ARM
		Debug|iPhone = Debug|iPhone
		Debug|iPhoneSimulator = Debug|iPhoneSimulator
		Debug|Mixed Platforms = Debug|Mixed Platforms
		Debug|x64 = Debug|x64
		Debug|x86 = Debug|x86
		Release|Any CPU = Release|Any CPU
		Release|ARM = Release|ARM
		Release|iPhone = Release|iPhone
		Release|iPhoneSimulator = Release|iPhoneSimulator
		Release|Mixed Platforms = Release|Mixed Platforms
		Release|x64 = Release|x64
		Release|x86 = Release|x86
		Web|Any CPU = Web|Any CPU
		Web|ARM = Web|ARM
		Web|iPhone = Web|iPhone
		Web|iPhoneSimulator = Web|iPhoneSimulator
		Web|Mixed Platforms = Web|Mixed Platforms
		Web|x64 = Web|x64
		Web|x86 = Web|x86
		Win|Any CPU = Win|Any CPU
		Win|ARM = Win|ARM
		Win|iPhone = Win|iPhone
		Win|iPhoneSimulator = Win|iPhoneSimulator
		Win|Mixed Platforms = Win|Mixed Platforms
		Win|x64 = Win|x64
		Win|x86 = Win|x86
		WinPhone|Any CPU = WinPhone|Any CPU
		WinPhone|ARM = WinPhone|ARM
		WinPhone|iPhone = WinPhone|iPhone
		WinPhone|iPhoneSimulator = WinPhone|iPhoneSimulator
		WinPhone|Mixed Platforms = WinPhone|Mixed Platforms
		WinPhone|x64 = WinPhone|x64
		WinPhone|x86 = WinPhone|x86
	EndGlobalSection
	GlobalSection(ProjectConfigurationPlatforms) = postSolution
		{6D256987-ED2C-4F60-9F0F-E4DDDCEAAF57}.Ad-Hoc|Any CPU.ActiveCfg = Release|Any CPU
		{6D256987-ED2C-4F60-9F0F-E4DDDCEAAF57}.Ad-Hoc|Any CPU.Build.0 = Release|Any CPU
		{6D256987-ED2C-4F60-9F0F-E4DDDCEAAF57}.Ad-Hoc|ARM.ActiveCfg = Release|Any CPU
		{6D256987-ED2C-4F60-9F0F-E4DDDCEAAF57}.Ad-Hoc|iPhone.ActiveCfg = Release|Any CPU
		{6D256987-ED2C-4F60-9F0F-E4DDDCEAAF57}.Ad-Hoc|iPhoneSimulator.ActiveCfg = Release|Any CPU
		{6D256987-ED2C-4F60-9F0F-E4DDDCEAAF57}.Ad-Hoc|Mixed Platforms.ActiveCfg = Release|Any CPU
		{6D256987-ED2C-4F60-9F0F-E4DDDCEAAF57}.Ad-Hoc|Mixed Platforms.Build.0 = Release|Any CPU
		{6D256987-ED2C-4F60-9F0F-E4DDDCEAAF57}.Ad-Hoc|x64.ActiveCfg = Release|Any CPU
		{6D256987-ED2C-4F60-9F0F-E4DDDCEAAF57}.Ad-Hoc|x86.ActiveCfg = Release|Any CPU
		{6D256987-ED2C-4F60-9F0F-E4DDDCEAAF57}.AndroidPhone|Any CPU.ActiveCfg = AndroidPhone|Any CPU
		{6D256987-ED2C-4F60-9F0F-E4DDDCEAAF57}.AndroidPhone|Any CPU.Build.0 = AndroidPhone|Any CPU
		{6D256987-ED2C-4F60-9F0F-E4DDDCEAAF57}.AndroidPhone|ARM.ActiveCfg = AndroidPhone|Any CPU
		{6D256987-ED2C-4F60-9F0F-E4DDDCEAAF57}.AndroidPhone|iPhone.ActiveCfg = AndroidPhone|Any CPU
		{6D256987-ED2C-4F60-9F0F-E4DDDCEAAF57}.AndroidPhone|iPhoneSimulator.ActiveCfg = AndroidPhone|Any CPU
		{6D256987-ED2C-4F60-9F0F-E4DDDCEAAF57}.AndroidPhone|Mixed Platforms.ActiveCfg = AndroidPhone|Any CPU
		{6D256987-ED2C-4F60-9F0F-E4DDDCEAAF57}.AndroidPhone|Mixed Platforms.Build.0 = AndroidPhone|Any CPU
		{6D256987-ED2C-4F60-9F0F-E4DDDCEAAF57}.AndroidPhone|x64.ActiveCfg = AndroidPhone|Any CPU
		{6D256987-ED2C-4F60-9F0F-E4DDDCEAAF57}.AndroidPhone|x86.ActiveCfg = AndroidPhone|Any CPU
		{6D256987-ED2C-4F60-9F0F-E4DDDCEAAF57}.AndroidTablet|Any CPU.ActiveCfg = AndroidTablet|Any CPU
		{6D256987-ED2C-4F60-9F0F-E4DDDCEAAF57}.AndroidTablet|Any CPU.Build.0 = AndroidTablet|Any CPU
		{6D256987-ED2C-4F60-9F0F-E4DDDCEAAF57}.AndroidTablet|ARM.ActiveCfg = AndroidTablet|Any CPU
		{6D256987-ED2C-4F60-9F0F-E4DDDCEAAF57}.AndroidTablet|iPhone.ActiveCfg = AndroidTablet|Any CPU
		{6D256987-ED2C-4F60-9F0F-E4DDDCEAAF57}.AndroidTablet|iPhoneSimulator.ActiveCfg = AndroidTablet|Any CPU
		{6D256987-ED2C-4F60-9F0F-E4DDDCEAAF57}.AndroidTablet|Mixed Platforms.ActiveCfg = AndroidTablet|Any CPU
		{6D256987-ED2C-4F60-9F0F-E4DDDCEAAF57}.AndroidTablet|Mixed Platforms.Build.0 = AndroidTablet|Any CPU
		{6D256987-ED2C-4F60-9F0F-E4DDDCEAAF57}.AndroidTablet|x64.ActiveCfg = AndroidTablet|Any CPU
		{6D256987-ED2C-4F60-9F0F-E4DDDCEAAF57}.AndroidTablet|x86.ActiveCfg = AndroidTablet|Any CPU
		{6D256987-ED2C-4F60-9F0F-E4DDDCEAAF57}.AppStore|Any CPU.ActiveCfg = Release|Any CPU
		{6D256987-ED2C-4F60-9F0F-E4DDDCEAAF57}.AppStore|Any CPU.Build.0 = Release|Any CPU
		{6D256987-ED2C-4F60-9F0F-E4DDDCEAAF57}.AppStore|ARM.ActiveCfg = Release|Any CPU
		{6D256987-ED2C-4F60-9F0F-E4DDDCEAAF57}.AppStore|iPhone.ActiveCfg = Release|Any CPU
		{6D256987-ED2C-4F60-9F0F-E4DDDCEAAF57}.AppStore|iPhoneSimulator.ActiveCfg = Release|Any CPU
		{6D256987-ED2C-4F60-9F0F-E4DDDCEAAF57}.AppStore|Mixed Platforms.ActiveCfg = Release|Any CPU
		{6D256987-ED2C-4F60-9F0F-E4DDDCEAAF57}.AppStore|Mixed Platforms.Build.0 = Release|Any CPU
		{6D256987-ED2C-4F60-9F0F-E4DDDCEAAF57}.AppStore|x64.ActiveCfg = Release|Any CPU
		{6D256987-ED2C-4F60-9F0F-E4DDDCEAAF57}.AppStore|x86.ActiveCfg = Release|Any CPU
		{6D256987-ED2C-4F60-9F0F-E4DDDCEAAF57}.Debug|Any CPU.ActiveCfg = Debug|Any CPU
		{6D256987-ED2C-4F60-9F0F-E4DDDCEAAF57}.Debug|Any CPU.Build.0 = Debug|Any CPU
		{6D256987-ED2C-4F60-9F0F-E4DDDCEAAF57}.Debug|ARM.ActiveCfg = Debug|Any CPU
		{6D256987-ED2C-4F60-9F0F-E4DDDCEAAF57}.Debug|iPhone.ActiveCfg = Debug|Any CPU
		{6D256987-ED2C-4F60-9F0F-E4DDDCEAAF57}.Debug|iPhoneSimulator.ActiveCfg = Debug|Any CPU
		{6D256987-ED2C-4F60-9F0F-E4DDDCEAAF57}.Debug|Mixed Platforms.ActiveCfg = Debug|Any CPU
		{6D256987-ED2C-4F60-9F0F-E4DDDCEAAF57}.Debug|Mixed Platforms.Build.0 = Debug|Any CPU
		{6D256987-ED2C-4F60-9F0F-E4DDDCEAAF57}.Debug|x64.ActiveCfg = Debug|Any CPU
		{6D256987-ED2C-4F60-9F0F-E4DDDCEAAF57}.Debug|x86.ActiveCfg = Debug|Any CPU
		{6D256987-ED2C-4F60-9F0F-E4DDDCEAAF57}.Release|Any CPU.ActiveCfg = Release|Any CPU
		{6D256987-ED2C-4F60-9F0F-E4DDDCEAAF57}.Release|Any CPU.Build.0 = Release|Any CPU
		{6D256987-ED2C-4F60-9F0F-E4DDDCEAAF57}.Release|ARM.ActiveCfg = Release|Any CPU
		{6D256987-ED2C-4F60-9F0F-E4DDDCEAAF57}.Release|iPhone.ActiveCfg = Release|Any CPU
		{6D256987-ED2C-4F60-9F0F-E4DDDCEAAF57}.Release|iPhoneSimulator.ActiveCfg = Release|Any CPU
		{6D256987-ED2C-4F60-9F0F-E4DDDCEAAF57}.Release|Mixed Platforms.ActiveCfg = Release|Any CPU
		{6D256987-ED2C-4F60-9F0F-E4DDDCEAAF57}.Release|Mixed Platforms.Build.0 = Release|Any CPU
		{6D256987-ED2C-4F60-9F0F-E4DDDCEAAF57}.Release|x64.ActiveCfg = Release|Any CPU
		{6D256987-ED2C-4F60-9F0F-E4DDDCEAAF57}.Release|x86.ActiveCfg = Release|Any CPU
		{6D256987-ED2C-4F60-9F0F-E4DDDCEAAF57}.Web|Any CPU.ActiveCfg = Web|Any CPU
		{6D256987-ED2C-4F60-9F0F-E4DDDCEAAF57}.Web|Any CPU.Build.0 = Web|Any CPU
		{6D256987-ED2C-4F60-9F0F-E4DDDCEAAF57}.Web|ARM.ActiveCfg = Web|Any CPU
		{6D256987-ED2C-4F60-9F0F-E4DDDCEAAF57}.Web|iPhone.ActiveCfg = Web|Any CPU
		{6D256987-ED2C-4F60-9F0F-E4DDDCEAAF57}.Web|iPhoneSimulator.ActiveCfg = Web|Any CPU
		{6D256987-ED2C-4F60-9F0F-E4DDDCEAAF57}.Web|Mixed Platforms.ActiveCfg = Web|Any CPU
		{6D256987-ED2C-4F60-9F0F-E4DDDCEAAF57}.Web|Mixed Platforms.Build.0 = Web|Any CPU
		{6D256987-ED2C-4F60-9F0F-E4DDDCEAAF57}.Web|x64.ActiveCfg = Web|Any CPU
		{6D256987-ED2C-4F60-9F0F-E4DDDCEAAF57}.Web|x86.ActiveCfg = Web|Any CPU
		{6D256987-ED2C-4F60-9F0F-E4DDDCEAAF57}.Win|Any CPU.ActiveCfg = Win|Any CPU
		{6D256987-ED2C-4F60-9F0F-E4DDDCEAAF57}.Win|Any CPU.Build.0 = Win|Any CPU
		{6D256987-ED2C-4F60-9F0F-E4DDDCEAAF57}.Win|ARM.ActiveCfg = Win|Any CPU
		{6D256987-ED2C-4F60-9F0F-E4DDDCEAAF57}.Win|iPhone.ActiveCfg = Win|Any CPU
		{6D256987-ED2C-4F60-9F0F-E4DDDCEAAF57}.Win|iPhoneSimulator.ActiveCfg = Win|Any CPU
		{6D256987-ED2C-4F60-9F0F-E4DDDCEAAF57}.Win|Mixed Platforms.ActiveCfg = Win|Any CPU
		{6D256987-ED2C-4F60-9F0F-E4DDDCEAAF57}.Win|Mixed Platforms.Build.0 = Win|Any CPU
		{6D256987-ED2C-4F60-9F0F-E4DDDCEAAF57}.Win|x64.ActiveCfg = Win|Any CPU
		{6D256987-ED2C-4F60-9F0F-E4DDDCEAAF57}.Win|x86.ActiveCfg = Win|Any CPU
		{6D256987-ED2C-4F60-9F0F-E4DDDCEAAF57}.WinPhone|Any CPU.ActiveCfg = WinPhone|Any CPU
		{6D256987-ED2C-4F60-9F0F-E4DDDCEAAF57}.WinPhone|Any CPU.Build.0 = WinPhone|Any CPU
		{6D256987-ED2C-4F60-9F0F-E4DDDCEAAF57}.WinPhone|ARM.ActiveCfg = WinPhone|Any CPU
		{6D256987-ED2C-4F60-9F0F-E4DDDCEAAF57}.WinPhone|iPhone.ActiveCfg = WinPhone|Any CPU
		{6D256987-ED2C-4F60-9F0F-E4DDDCEAAF57}.WinPhone|iPhoneSimulator.ActiveCfg = WinPhone|Any CPU
		{6D256987-ED2C-4F60-9F0F-E4DDDCEAAF57}.WinPhone|Mixed Platforms.ActiveCfg = WinPhone|Any CPU
		{6D256987-ED2C-4F60-9F0F-E4DDDCEAAF57}.WinPhone|Mixed Platforms.Build.0 = WinPhone|Any CPU
		{6D256987-ED2C-4F60-9F0F-E4DDDCEAAF57}.WinPhone|x64.ActiveCfg = WinPhone|Any CPU
		{6D256987-ED2C-4F60-9F0F-E4DDDCEAAF57}.WinPhone|x86.ActiveCfg = WinPhone|Any CPU
		{A88AD4CB-C906-4B0F-ABF9-DA2DD906679C}.Ad-Hoc|Any CPU.ActiveCfg = Release|Any CPU
		{A88AD4CB-C906-4B0F-ABF9-DA2DD906679C}.Ad-Hoc|Any CPU.Build.0 = Release|Any CPU
		{A88AD4CB-C906-4B0F-ABF9-DA2DD906679C}.Ad-Hoc|ARM.ActiveCfg = Release|Any CPU
		{A88AD4CB-C906-4B0F-ABF9-DA2DD906679C}.Ad-Hoc|iPhone.ActiveCfg = Release|Any CPU
		{A88AD4CB-C906-4B0F-ABF9-DA2DD906679C}.Ad-Hoc|iPhoneSimulator.ActiveCfg = Release|Any CPU
		{A88AD4CB-C906-4B0F-ABF9-DA2DD906679C}.Ad-Hoc|Mixed Platforms.ActiveCfg = Release|Any CPU
		{A88AD4CB-C906-4B0F-ABF9-DA2DD906679C}.Ad-Hoc|Mixed Platforms.Build.0 = Release|Any CPU
		{A88AD4CB-C906-4B0F-ABF9-DA2DD906679C}.Ad-Hoc|x64.ActiveCfg = Release|Any CPU
		{A88AD4CB-C906-4B0F-ABF9-DA2DD906679C}.Ad-Hoc|x86.ActiveCfg = Release|Any CPU
		{A88AD4CB-C906-4B0F-ABF9-DA2DD906679C}.AndroidPhone|Any CPU.ActiveCfg = AndroidPhone|Any CPU
		{A88AD4CB-C906-4B0F-ABF9-DA2DD906679C}.AndroidPhone|Any CPU.Build.0 = AndroidPhone|Any CPU
		{A88AD4CB-C906-4B0F-ABF9-DA2DD906679C}.AndroidPhone|ARM.ActiveCfg = AndroidPhone|Any CPU
		{A88AD4CB-C906-4B0F-ABF9-DA2DD906679C}.AndroidPhone|iPhone.ActiveCfg = AndroidPhone|Any CPU
		{A88AD4CB-C906-4B0F-ABF9-DA2DD906679C}.AndroidPhone|iPhoneSimulator.ActiveCfg = AndroidPhone|Any CPU
		{A88AD4CB-C906-4B0F-ABF9-DA2DD906679C}.AndroidPhone|Mixed Platforms.ActiveCfg = AndroidPhone|Any CPU
		{A88AD4CB-C906-4B0F-ABF9-DA2DD906679C}.AndroidPhone|x64.ActiveCfg = AndroidPhone|Any CPU
		{A88AD4CB-C906-4B0F-ABF9-DA2DD906679C}.AndroidPhone|x86.ActiveCfg = AndroidPhone|Any CPU
		{A88AD4CB-C906-4B0F-ABF9-DA2DD906679C}.AndroidTablet|Any CPU.ActiveCfg = AndroidTablet|Any CPU
		{A88AD4CB-C906-4B0F-ABF9-DA2DD906679C}.AndroidTablet|ARM.ActiveCfg = AndroidTablet|Any CPU
		{A88AD4CB-C906-4B0F-ABF9-DA2DD906679C}.AndroidTablet|iPhone.ActiveCfg = AndroidTablet|Any CPU
		{A88AD4CB-C906-4B0F-ABF9-DA2DD906679C}.AndroidTablet|iPhoneSimulator.ActiveCfg = AndroidTablet|Any CPU
		{A88AD4CB-C906-4B0F-ABF9-DA2DD906679C}.AndroidTablet|Mixed Platforms.ActiveCfg = AndroidTablet|Any CPU
		{A88AD4CB-C906-4B0F-ABF9-DA2DD906679C}.AndroidTablet|x64.ActiveCfg = AndroidTablet|Any CPU
		{A88AD4CB-C906-4B0F-ABF9-DA2DD906679C}.AndroidTablet|x86.ActiveCfg = AndroidTablet|Any CPU
		{A88AD4CB-C906-4B0F-ABF9-DA2DD906679C}.AppStore|Any CPU.ActiveCfg = Release|Any CPU
		{A88AD4CB-C906-4B0F-ABF9-DA2DD906679C}.AppStore|Any CPU.Build.0 = Release|Any CPU
		{A88AD4CB-C906-4B0F-ABF9-DA2DD906679C}.AppStore|ARM.ActiveCfg = Release|Any CPU
		{A88AD4CB-C906-4B0F-ABF9-DA2DD906679C}.AppStore|iPhone.ActiveCfg = Release|Any CPU
		{A88AD4CB-C906-4B0F-ABF9-DA2DD906679C}.AppStore|iPhoneSimulator.ActiveCfg = Release|Any CPU
		{A88AD4CB-C906-4B0F-ABF9-DA2DD906679C}.AppStore|Mixed Platforms.ActiveCfg = Release|Any CPU
		{A88AD4CB-C906-4B0F-ABF9-DA2DD906679C}.AppStore|Mixed Platforms.Build.0 = Release|Any CPU
		{A88AD4CB-C906-4B0F-ABF9-DA2DD906679C}.AppStore|x64.ActiveCfg = Release|Any CPU
		{A88AD4CB-C906-4B0F-ABF9-DA2DD906679C}.AppStore|x86.ActiveCfg = Release|Any CPU
		{A88AD4CB-C906-4B0F-ABF9-DA2DD906679C}.Debug|Any CPU.ActiveCfg = Debug|Any CPU
		{A88AD4CB-C906-4B0F-ABF9-DA2DD906679C}.Debug|Any CPU.Build.0 = Debug|Any CPU
		{A88AD4CB-C906-4B0F-ABF9-DA2DD906679C}.Debug|ARM.ActiveCfg = Debug|Any CPU
		{A88AD4CB-C906-4B0F-ABF9-DA2DD906679C}.Debug|iPhone.ActiveCfg = Debug|Any CPU
		{A88AD4CB-C906-4B0F-ABF9-DA2DD906679C}.Debug|iPhoneSimulator.ActiveCfg = Debug|Any CPU
		{A88AD4CB-C906-4B0F-ABF9-DA2DD906679C}.Debug|Mixed Platforms.ActiveCfg = Debug|Any CPU
		{A88AD4CB-C906-4B0F-ABF9-DA2DD906679C}.Debug|Mixed Platforms.Build.0 = Debug|Any CPU
		{A88AD4CB-C906-4B0F-ABF9-DA2DD906679C}.Debug|x64.ActiveCfg = Debug|Any CPU
		{A88AD4CB-C906-4B0F-ABF9-DA2DD906679C}.Debug|x86.ActiveCfg = Debug|Any CPU
		{A88AD4CB-C906-4B0F-ABF9-DA2DD906679C}.Release|Any CPU.ActiveCfg = Release|Any CPU
		{A88AD4CB-C906-4B0F-ABF9-DA2DD906679C}.Release|Any CPU.Build.0 = Release|Any CPU
		{A88AD4CB-C906-4B0F-ABF9-DA2DD906679C}.Release|ARM.ActiveCfg = Release|Any CPU
		{A88AD4CB-C906-4B0F-ABF9-DA2DD906679C}.Release|iPhone.ActiveCfg = Release|Any CPU
		{A88AD4CB-C906-4B0F-ABF9-DA2DD906679C}.Release|iPhoneSimulator.ActiveCfg = Release|Any CPU
		{A88AD4CB-C906-4B0F-ABF9-DA2DD906679C}.Release|Mixed Platforms.ActiveCfg = Release|Any CPU
		{A88AD4CB-C906-4B0F-ABF9-DA2DD906679C}.Release|Mixed Platforms.Build.0 = Release|Any CPU
		{A88AD4CB-C906-4B0F-ABF9-DA2DD906679C}.Release|x64.ActiveCfg = Release|Any CPU
		{A88AD4CB-C906-4B0F-ABF9-DA2DD906679C}.Release|x86.ActiveCfg = Release|Any CPU
		{A88AD4CB-C906-4B0F-ABF9-DA2DD906679C}.Web|Any CPU.ActiveCfg = Web|Any CPU
		{A88AD4CB-C906-4B0F-ABF9-DA2DD906679C}.Web|Any CPU.Build.0 = Web|Any CPU
		{A88AD4CB-C906-4B0F-ABF9-DA2DD906679C}.Web|ARM.ActiveCfg = Web|Any CPU
		{A88AD4CB-C906-4B0F-ABF9-DA2DD906679C}.Web|iPhone.ActiveCfg = Web|Any CPU
		{A88AD4CB-C906-4B0F-ABF9-DA2DD906679C}.Web|iPhoneSimulator.ActiveCfg = Web|Any CPU
		{A88AD4CB-C906-4B0F-ABF9-DA2DD906679C}.Web|Mixed Platforms.ActiveCfg = Web|Any CPU
		{A88AD4CB-C906-4B0F-ABF9-DA2DD906679C}.Web|Mixed Platforms.Build.0 = Web|Any CPU
		{A88AD4CB-C906-4B0F-ABF9-DA2DD906679C}.Web|x64.ActiveCfg = Web|Any CPU
		{A88AD4CB-C906-4B0F-ABF9-DA2DD906679C}.Web|x86.ActiveCfg = Web|Any CPU
		{A88AD4CB-C906-4B0F-ABF9-DA2DD906679C}.Win|Any CPU.ActiveCfg = Win|Any CPU
		{A88AD4CB-C906-4B0F-ABF9-DA2DD906679C}.Win|ARM.ActiveCfg = Win|Any CPU
		{A88AD4CB-C906-4B0F-ABF9-DA2DD906679C}.Win|iPhone.ActiveCfg = Win|Any CPU
		{A88AD4CB-C906-4B0F-ABF9-DA2DD906679C}.Win|iPhoneSimulator.ActiveCfg = Win|Any CPU
		{A88AD4CB-C906-4B0F-ABF9-DA2DD906679C}.Win|Mixed Platforms.ActiveCfg = Win|Any CPU
		{A88AD4CB-C906-4B0F-ABF9-DA2DD906679C}.Win|x64.ActiveCfg = Win|Any CPU
		{A88AD4CB-C906-4B0F-ABF9-DA2DD906679C}.Win|x86.ActiveCfg = Win|Any CPU
		{A88AD4CB-C906-4B0F-ABF9-DA2DD906679C}.WinPhone|Any CPU.ActiveCfg = WinPhone|Any CPU
		{A88AD4CB-C906-4B0F-ABF9-DA2DD906679C}.WinPhone|ARM.ActiveCfg = WinPhone|Any CPU
		{A88AD4CB-C906-4B0F-ABF9-DA2DD906679C}.WinPhone|iPhone.ActiveCfg = WinPhone|Any CPU
		{A88AD4CB-C906-4B0F-ABF9-DA2DD906679C}.WinPhone|iPhoneSimulator.ActiveCfg = WinPhone|Any CPU
		{A88AD4CB-C906-4B0F-ABF9-DA2DD906679C}.WinPhone|Mixed Platforms.ActiveCfg = WinPhone|Any CPU
		{A88AD4CB-C906-4B0F-ABF9-DA2DD906679C}.WinPhone|x64.ActiveCfg = WinPhone|Any CPU
		{A88AD4CB-C906-4B0F-ABF9-DA2DD906679C}.WinPhone|x86.ActiveCfg = WinPhone|Any CPU
		{7A052710-6240-4B71-8E72-39C90401B2C7}.Ad-Hoc|Any CPU.ActiveCfg = Release|Any CPU
		{7A052710-6240-4B71-8E72-39C90401B2C7}.Ad-Hoc|Any CPU.Build.0 = Release|Any CPU
		{7A052710-6240-4B71-8E72-39C90401B2C7}.Ad-Hoc|ARM.ActiveCfg = Release|Any CPU
		{7A052710-6240-4B71-8E72-39C90401B2C7}.Ad-Hoc|iPhone.ActiveCfg = Release|Any CPU
		{7A052710-6240-4B71-8E72-39C90401B2C7}.Ad-Hoc|iPhoneSimulator.ActiveCfg = Release|Any CPU
		{7A052710-6240-4B71-8E72-39C90401B2C7}.Ad-Hoc|Mixed Platforms.ActiveCfg = Release|Any CPU
		{7A052710-6240-4B71-8E72-39C90401B2C7}.Ad-Hoc|Mixed Platforms.Build.0 = Release|Any CPU
		{7A052710-6240-4B71-8E72-39C90401B2C7}.Ad-Hoc|x64.ActiveCfg = Release|Any CPU
		{7A052710-6240-4B71-8E72-39C90401B2C7}.Ad-Hoc|x86.ActiveCfg = Release|Any CPU
		{7A052710-6240-4B71-8E72-39C90401B2C7}.AndroidPhone|Any CPU.ActiveCfg = AndroidPhone|Any CPU
		{7A052710-6240-4B71-8E72-39C90401B2C7}.AndroidPhone|Any CPU.Build.0 = AndroidPhone|Any CPU
		{7A052710-6240-4B71-8E72-39C90401B2C7}.AndroidPhone|ARM.ActiveCfg = AndroidPhone|Any CPU
		{7A052710-6240-4B71-8E72-39C90401B2C7}.AndroidPhone|iPhone.ActiveCfg = AndroidPhone|Any CPU
		{7A052710-6240-4B71-8E72-39C90401B2C7}.AndroidPhone|iPhoneSimulator.ActiveCfg = AndroidPhone|Any CPU
		{7A052710-6240-4B71-8E72-39C90401B2C7}.AndroidPhone|Mixed Platforms.ActiveCfg = AndroidPhone|Any CPU
		{7A052710-6240-4B71-8E72-39C90401B2C7}.AndroidPhone|x64.ActiveCfg = AndroidPhone|Any CPU
		{7A052710-6240-4B71-8E72-39C90401B2C7}.AndroidPhone|x86.ActiveCfg = AndroidPhone|Any CPU
		{7A052710-6240-4B71-8E72-39C90401B2C7}.AndroidTablet|Any CPU.ActiveCfg = AndroidTablet|Any CPU
		{7A052710-6240-4B71-8E72-39C90401B2C7}.AndroidTablet|ARM.ActiveCfg = AndroidTablet|Any CPU
		{7A052710-6240-4B71-8E72-39C90401B2C7}.AndroidTablet|iPhone.ActiveCfg = AndroidTablet|Any CPU
		{7A052710-6240-4B71-8E72-39C90401B2C7}.AndroidTablet|iPhoneSimulator.ActiveCfg = AndroidTablet|Any CPU
		{7A052710-6240-4B71-8E72-39C90401B2C7}.AndroidTablet|Mixed Platforms.ActiveCfg = AndroidTablet|Any CPU
		{7A052710-6240-4B71-8E72-39C90401B2C7}.AndroidTablet|x64.ActiveCfg = AndroidTablet|Any CPU
		{7A052710-6240-4B71-8E72-39C90401B2C7}.AndroidTablet|x86.ActiveCfg = AndroidTablet|Any CPU
		{7A052710-6240-4B71-8E72-39C90401B2C7}.AppStore|Any CPU.ActiveCfg = Release|Any CPU
		{7A052710-6240-4B71-8E72-39C90401B2C7}.AppStore|Any CPU.Build.0 = Release|Any CPU
		{7A052710-6240-4B71-8E72-39C90401B2C7}.AppStore|ARM.ActiveCfg = Release|Any CPU
		{7A052710-6240-4B71-8E72-39C90401B2C7}.AppStore|iPhone.ActiveCfg = Release|Any CPU
		{7A052710-6240-4B71-8E72-39C90401B2C7}.AppStore|iPhoneSimulator.ActiveCfg = Release|Any CPU
		{7A052710-6240-4B71-8E72-39C90401B2C7}.AppStore|Mixed Platforms.ActiveCfg = Release|Any CPU
		{7A052710-6240-4B71-8E72-39C90401B2C7}.AppStore|Mixed Platforms.Build.0 = Release|Any CPU
		{7A052710-6240-4B71-8E72-39C90401B2C7}.AppStore|x64.ActiveCfg = Release|Any CPU
		{7A052710-6240-4B71-8E72-39C90401B2C7}.AppStore|x86.ActiveCfg = Release|Any CPU
		{7A052710-6240-4B71-8E72-39C90401B2C7}.Debug|Any CPU.ActiveCfg = Debug|Any CPU
		{7A052710-6240-4B71-8E72-39C90401B2C7}.Debug|Any CPU.Build.0 = Debug|Any CPU
		{7A052710-6240-4B71-8E72-39C90401B2C7}.Debug|ARM.ActiveCfg = Debug|Any CPU
		{7A052710-6240-4B71-8E72-39C90401B2C7}.Debug|iPhone.ActiveCfg = Debug|Any CPU
		{7A052710-6240-4B71-8E72-39C90401B2C7}.Debug|iPhoneSimulator.ActiveCfg = Debug|Any CPU
		{7A052710-6240-4B71-8E72-39C90401B2C7}.Debug|Mixed Platforms.ActiveCfg = Debug|Any CPU
		{7A052710-6240-4B71-8E72-39C90401B2C7}.Debug|Mixed Platforms.Build.0 = Debug|Any CPU
		{7A052710-6240-4B71-8E72-39C90401B2C7}.Debug|x64.ActiveCfg = Debug|Any CPU
		{7A052710-6240-4B71-8E72-39C90401B2C7}.Debug|x86.ActiveCfg = Debug|Any CPU
		{7A052710-6240-4B71-8E72-39C90401B2C7}.Release|Any CPU.ActiveCfg = Release|Any CPU
		{7A052710-6240-4B71-8E72-39C90401B2C7}.Release|Any CPU.Build.0 = Release|Any CPU
		{7A052710-6240-4B71-8E72-39C90401B2C7}.Release|ARM.ActiveCfg = Release|Any CPU
		{7A052710-6240-4B71-8E72-39C90401B2C7}.Release|iPhone.ActiveCfg = Release|Any CPU
		{7A052710-6240-4B71-8E72-39C90401B2C7}.Release|iPhoneSimulator.ActiveCfg = Release|Any CPU
		{7A052710-6240-4B71-8E72-39C90401B2C7}.Release|Mixed Platforms.ActiveCfg = Release|Any CPU
		{7A052710-6240-4B71-8E72-39C90401B2C7}.Release|Mixed Platforms.Build.0 = Release|Any CPU
		{7A052710-6240-4B71-8E72-39C90401B2C7}.Release|x64.ActiveCfg = Release|Any CPU
		{7A052710-6240-4B71-8E72-39C90401B2C7}.Release|x86.ActiveCfg = Release|Any CPU
		{7A052710-6240-4B71-8E72-39C90401B2C7}.Web|Any CPU.ActiveCfg = Web|Any CPU
		{7A052710-6240-4B71-8E72-39C90401B2C7}.Web|Any CPU.Build.0 = Web|Any CPU
		{7A052710-6240-4B71-8E72-39C90401B2C7}.Web|ARM.ActiveCfg = Web|Any CPU
		{7A052710-6240-4B71-8E72-39C90401B2C7}.Web|iPhone.ActiveCfg = Web|Any CPU
		{7A052710-6240-4B71-8E72-39C90401B2C7}.Web|iPhoneSimulator.ActiveCfg = Web|Any CPU
		{7A052710-6240-4B71-8E72-39C90401B2C7}.Web|Mixed Platforms.ActiveCfg = Web|Any CPU
		{7A052710-6240-4B71-8E72-39C90401B2C7}.Web|Mixed Platforms.Build.0 = Web|Any CPU
		{7A052710-6240-4B71-8E72-39C90401B2C7}.Web|x64.ActiveCfg = Web|Any CPU
		{7A052710-6240-4B71-8E72-39C90401B2C7}.Web|x86.ActiveCfg = Web|Any CPU
		{7A052710-6240-4B71-8E72-39C90401B2C7}.Win|Any CPU.ActiveCfg = Win|Any CPU
		{7A052710-6240-4B71-8E72-39C90401B2C7}.Win|ARM.ActiveCfg = Win|Any CPU
		{7A052710-6240-4B71-8E72-39C90401B2C7}.Win|iPhone.ActiveCfg = Win|Any CPU
		{7A052710-6240-4B71-8E72-39C90401B2C7}.Win|iPhoneSimulator.ActiveCfg = Win|Any CPU
		{7A052710-6240-4B71-8E72-39C90401B2C7}.Win|Mixed Platforms.ActiveCfg = Win|Any CPU
		{7A052710-6240-4B71-8E72-39C90401B2C7}.Win|x64.ActiveCfg = Win|Any CPU
		{7A052710-6240-4B71-8E72-39C90401B2C7}.Win|x86.ActiveCfg = Win|Any CPU
		{7A052710-6240-4B71-8E72-39C90401B2C7}.WinPhone|Any CPU.ActiveCfg = WinPhone|Any CPU
		{7A052710-6240-4B71-8E72-39C90401B2C7}.WinPhone|ARM.ActiveCfg = WinPhone|Any CPU
		{7A052710-6240-4B71-8E72-39C90401B2C7}.WinPhone|iPhone.ActiveCfg = WinPhone|Any CPU
		{7A052710-6240-4B71-8E72-39C90401B2C7}.WinPhone|iPhoneSimulator.ActiveCfg = WinPhone|Any CPU
		{7A052710-6240-4B71-8E72-39C90401B2C7}.WinPhone|Mixed Platforms.ActiveCfg = WinPhone|Any CPU
		{7A052710-6240-4B71-8E72-39C90401B2C7}.WinPhone|x64.ActiveCfg = WinPhone|Any CPU
		{7A052710-6240-4B71-8E72-39C90401B2C7}.WinPhone|x86.ActiveCfg = WinPhone|Any CPU
		{EC70CB14-A2F8-4E08-B7B4-0FF698F7AA01}.Ad-Hoc|Any CPU.ActiveCfg = Release|Any CPU
		{EC70CB14-A2F8-4E08-B7B4-0FF698F7AA01}.Ad-Hoc|Any CPU.Build.0 = Release|Any CPU
		{EC70CB14-A2F8-4E08-B7B4-0FF698F7AA01}.Ad-Hoc|ARM.ActiveCfg = Release|Any CPU
		{EC70CB14-A2F8-4E08-B7B4-0FF698F7AA01}.Ad-Hoc|iPhone.ActiveCfg = Release|Any CPU
		{EC70CB14-A2F8-4E08-B7B4-0FF698F7AA01}.Ad-Hoc|iPhoneSimulator.ActiveCfg = Release|Any CPU
		{EC70CB14-A2F8-4E08-B7B4-0FF698F7AA01}.Ad-Hoc|Mixed Platforms.ActiveCfg = Release|Any CPU
		{EC70CB14-A2F8-4E08-B7B4-0FF698F7AA01}.Ad-Hoc|Mixed Platforms.Build.0 = Release|Any CPU
		{EC70CB14-A2F8-4E08-B7B4-0FF698F7AA01}.Ad-Hoc|x64.ActiveCfg = Release|Any CPU
		{EC70CB14-A2F8-4E08-B7B4-0FF698F7AA01}.Ad-Hoc|x86.ActiveCfg = Release|Any CPU
		{EC70CB14-A2F8-4E08-B7B4-0FF698F7AA01}.AndroidPhone|Any CPU.ActiveCfg = AndroidPhone|Any CPU
		{EC70CB14-A2F8-4E08-B7B4-0FF698F7AA01}.AndroidPhone|Any CPU.Build.0 = AndroidPhone|Any CPU
		{EC70CB14-A2F8-4E08-B7B4-0FF698F7AA01}.AndroidPhone|ARM.ActiveCfg = AndroidPhone|Any CPU
		{EC70CB14-A2F8-4E08-B7B4-0FF698F7AA01}.AndroidPhone|iPhone.ActiveCfg = AndroidPhone|Any CPU
		{EC70CB14-A2F8-4E08-B7B4-0FF698F7AA01}.AndroidPhone|iPhoneSimulator.ActiveCfg = AndroidPhone|Any CPU
		{EC70CB14-A2F8-4E08-B7B4-0FF698F7AA01}.AndroidPhone|Mixed Platforms.ActiveCfg = AndroidPhone|Any CPU
		{EC70CB14-A2F8-4E08-B7B4-0FF698F7AA01}.AndroidPhone|Mixed Platforms.Deploy.0 = AndroidPhone|Any CPU
		{EC70CB14-A2F8-4E08-B7B4-0FF698F7AA01}.AndroidPhone|x64.ActiveCfg = AndroidPhone|Any CPU
		{EC70CB14-A2F8-4E08-B7B4-0FF698F7AA01}.AndroidPhone|x86.ActiveCfg = AndroidPhone|Any CPU
		{EC70CB14-A2F8-4E08-B7B4-0FF698F7AA01}.AndroidTablet|Any CPU.ActiveCfg = AndroidTablet|Any CPU
		{EC70CB14-A2F8-4E08-B7B4-0FF698F7AA01}.AndroidTablet|ARM.ActiveCfg = AndroidTablet|Any CPU
		{EC70CB14-A2F8-4E08-B7B4-0FF698F7AA01}.AndroidTablet|iPhone.ActiveCfg = AndroidTablet|Any CPU
		{EC70CB14-A2F8-4E08-B7B4-0FF698F7AA01}.AndroidTablet|iPhoneSimulator.ActiveCfg = AndroidTablet|Any CPU
		{EC70CB14-A2F8-4E08-B7B4-0FF698F7AA01}.AndroidTablet|Mixed Platforms.ActiveCfg = AndroidTablet|Any CPU
		{EC70CB14-A2F8-4E08-B7B4-0FF698F7AA01}.AndroidTablet|x64.ActiveCfg = AndroidTablet|Any CPU
		{EC70CB14-A2F8-4E08-B7B4-0FF698F7AA01}.AndroidTablet|x86.ActiveCfg = AndroidTablet|Any CPU
		{EC70CB14-A2F8-4E08-B7B4-0FF698F7AA01}.AppStore|Any CPU.ActiveCfg = Release|Any CPU
		{EC70CB14-A2F8-4E08-B7B4-0FF698F7AA01}.AppStore|Any CPU.Build.0 = Release|Any CPU
		{EC70CB14-A2F8-4E08-B7B4-0FF698F7AA01}.AppStore|ARM.ActiveCfg = Release|Any CPU
		{EC70CB14-A2F8-4E08-B7B4-0FF698F7AA01}.AppStore|iPhone.ActiveCfg = Release|Any CPU
		{EC70CB14-A2F8-4E08-B7B4-0FF698F7AA01}.AppStore|iPhoneSimulator.ActiveCfg = Release|Any CPU
		{EC70CB14-A2F8-4E08-B7B4-0FF698F7AA01}.AppStore|Mixed Platforms.ActiveCfg = Release|Any CPU
		{EC70CB14-A2F8-4E08-B7B4-0FF698F7AA01}.AppStore|Mixed Platforms.Build.0 = Release|Any CPU
		{EC70CB14-A2F8-4E08-B7B4-0FF698F7AA01}.AppStore|x64.ActiveCfg = Release|Any CPU
		{EC70CB14-A2F8-4E08-B7B4-0FF698F7AA01}.AppStore|x86.ActiveCfg = Release|Any CPU
		{EC70CB14-A2F8-4E08-B7B4-0FF698F7AA01}.Debug|Any CPU.ActiveCfg = Debug|Any CPU
		{EC70CB14-A2F8-4E08-B7B4-0FF698F7AA01}.Debug|Any CPU.Build.0 = Debug|Any CPU
		{EC70CB14-A2F8-4E08-B7B4-0FF698F7AA01}.Debug|ARM.ActiveCfg = Debug|Any CPU
		{EC70CB14-A2F8-4E08-B7B4-0FF698F7AA01}.Debug|iPhone.ActiveCfg = Debug|Any CPU
		{EC70CB14-A2F8-4E08-B7B4-0FF698F7AA01}.Debug|iPhoneSimulator.ActiveCfg = Debug|Any CPU
		{EC70CB14-A2F8-4E08-B7B4-0FF698F7AA01}.Debug|Mixed Platforms.ActiveCfg = Debug|Any CPU
		{EC70CB14-A2F8-4E08-B7B4-0FF698F7AA01}.Debug|Mixed Platforms.Build.0 = Debug|Any CPU
		{EC70CB14-A2F8-4E08-B7B4-0FF698F7AA01}.Debug|x64.ActiveCfg = Debug|Any CPU
		{EC70CB14-A2F8-4E08-B7B4-0FF698F7AA01}.Debug|x86.ActiveCfg = Debug|Any CPU
		{EC70CB14-A2F8-4E08-B7B4-0FF698F7AA01}.Release|Any CPU.ActiveCfg = Release|Any CPU
		{EC70CB14-A2F8-4E08-B7B4-0FF698F7AA01}.Release|Any CPU.Build.0 = Release|Any CPU
		{EC70CB14-A2F8-4E08-B7B4-0FF698F7AA01}.Release|ARM.ActiveCfg = Release|Any CPU
		{EC70CB14-A2F8-4E08-B7B4-0FF698F7AA01}.Release|iPhone.ActiveCfg = Release|Any CPU
		{EC70CB14-A2F8-4E08-B7B4-0FF698F7AA01}.Release|iPhoneSimulator.ActiveCfg = Release|Any CPU
		{EC70CB14-A2F8-4E08-B7B4-0FF698F7AA01}.Release|Mixed Platforms.ActiveCfg = Release|Any CPU
		{EC70CB14-A2F8-4E08-B7B4-0FF698F7AA01}.Release|Mixed Platforms.Build.0 = Release|Any CPU
		{EC70CB14-A2F8-4E08-B7B4-0FF698F7AA01}.Release|x64.ActiveCfg = Release|Any CPU
		{EC70CB14-A2F8-4E08-B7B4-0FF698F7AA01}.Release|x86.ActiveCfg = Release|Any CPU
		{EC70CB14-A2F8-4E08-B7B4-0FF698F7AA01}.Web|Any CPU.ActiveCfg = Web|Any CPU
		{EC70CB14-A2F8-4E08-B7B4-0FF698F7AA01}.Web|Any CPU.Build.0 = Web|Any CPU
		{EC70CB14-A2F8-4E08-B7B4-0FF698F7AA01}.Web|ARM.ActiveCfg = Web|Any CPU
		{EC70CB14-A2F8-4E08-B7B4-0FF698F7AA01}.Web|iPhone.ActiveCfg = Web|Any CPU
		{EC70CB14-A2F8-4E08-B7B4-0FF698F7AA01}.Web|iPhoneSimulator.ActiveCfg = Web|Any CPU
		{EC70CB14-A2F8-4E08-B7B4-0FF698F7AA01}.Web|Mixed Platforms.ActiveCfg = Web|Any CPU
		{EC70CB14-A2F8-4E08-B7B4-0FF698F7AA01}.Web|x64.ActiveCfg = Web|Any CPU
		{EC70CB14-A2F8-4E08-B7B4-0FF698F7AA01}.Web|x86.ActiveCfg = Web|Any CPU
		{EC70CB14-A2F8-4E08-B7B4-0FF698F7AA01}.Win|Any CPU.ActiveCfg = Win|Any CPU
		{EC70CB14-A2F8-4E08-B7B4-0FF698F7AA01}.Win|ARM.ActiveCfg = Win|Any CPU
		{EC70CB14-A2F8-4E08-B7B4-0FF698F7AA01}.Win|iPhone.ActiveCfg = Win|Any CPU
		{EC70CB14-A2F8-4E08-B7B4-0FF698F7AA01}.Win|iPhoneSimulator.ActiveCfg = Win|Any CPU
		{EC70CB14-A2F8-4E08-B7B4-0FF698F7AA01}.Win|Mixed Platforms.ActiveCfg = Win|Any CPU
		{EC70CB14-A2F8-4E08-B7B4-0FF698F7AA01}.Win|x64.ActiveCfg = Win|Any CPU
		{EC70CB14-A2F8-4E08-B7B4-0FF698F7AA01}.Win|x86.ActiveCfg = Win|Any CPU
		{EC70CB14-A2F8-4E08-B7B4-0FF698F7AA01}.WinPhone|Any CPU.ActiveCfg = WinPhone|Any CPU
		{EC70CB14-A2F8-4E08-B7B4-0FF698F7AA01}.WinPhone|ARM.ActiveCfg = WinPhone|Any CPU
		{EC70CB14-A2F8-4E08-B7B4-0FF698F7AA01}.WinPhone|iPhone.ActiveCfg = WinPhone|Any CPU
		{EC70CB14-A2F8-4E08-B7B4-0FF698F7AA01}.WinPhone|iPhoneSimulator.ActiveCfg = WinPhone|Any CPU
		{EC70CB14-A2F8-4E08-B7B4-0FF698F7AA01}.WinPhone|Mixed Platforms.ActiveCfg = WinPhone|Any CPU
		{EC70CB14-A2F8-4E08-B7B4-0FF698F7AA01}.WinPhone|x64.ActiveCfg = WinPhone|Any CPU
		{EC70CB14-A2F8-4E08-B7B4-0FF698F7AA01}.WinPhone|x86.ActiveCfg = WinPhone|Any CPU
		{50DCC37F-363C-4392-984D-7B7500E346EC}.Ad-Hoc|Any CPU.ActiveCfg = Android Debug|Any CPU
		{50DCC37F-363C-4392-984D-7B7500E346EC}.Ad-Hoc|Any CPU.Build.0 = Android Debug|Any CPU
		{50DCC37F-363C-4392-984D-7B7500E346EC}.Ad-Hoc|Any CPU.Deploy.0 = Android Debug|Any CPU
		{50DCC37F-363C-4392-984D-7B7500E346EC}.Ad-Hoc|ARM.ActiveCfg = Android Debug|ARM
		{50DCC37F-363C-4392-984D-7B7500E346EC}.Ad-Hoc|ARM.Build.0 = Android Debug|ARM
		{50DCC37F-363C-4392-984D-7B7500E346EC}.Ad-Hoc|ARM.Deploy.0 = Android Debug|ARM
		{50DCC37F-363C-4392-984D-7B7500E346EC}.Ad-Hoc|iPhone.ActiveCfg = Android Debug|Any CPU
		{50DCC37F-363C-4392-984D-7B7500E346EC}.Ad-Hoc|iPhoneSimulator.ActiveCfg = Android Debug|Any CPU
		{50DCC37F-363C-4392-984D-7B7500E346EC}.Ad-Hoc|Mixed Platforms.ActiveCfg = Android Debug|x86
		{50DCC37F-363C-4392-984D-7B7500E346EC}.Ad-Hoc|Mixed Platforms.Build.0 = Android Debug|x86
		{50DCC37F-363C-4392-984D-7B7500E346EC}.Ad-Hoc|Mixed Platforms.Deploy.0 = Android Debug|x86
		{50DCC37F-363C-4392-984D-7B7500E346EC}.Ad-Hoc|x64.ActiveCfg = Android Debug|x64
		{50DCC37F-363C-4392-984D-7B7500E346EC}.Ad-Hoc|x64.Build.0 = Android Debug|x64
		{50DCC37F-363C-4392-984D-7B7500E346EC}.Ad-Hoc|x64.Deploy.0 = Android Debug|x64
		{50DCC37F-363C-4392-984D-7B7500E346EC}.Ad-Hoc|x86.ActiveCfg = Android Debug|x86
		{50DCC37F-363C-4392-984D-7B7500E346EC}.Ad-Hoc|x86.Build.0 = Android Debug|x86
		{50DCC37F-363C-4392-984D-7B7500E346EC}.Ad-Hoc|x86.Deploy.0 = Android Debug|x86
		{50DCC37F-363C-4392-984D-7B7500E346EC}.AndroidPhone|Any CPU.ActiveCfg = AndroidPhone|Any CPU
		{50DCC37F-363C-4392-984D-7B7500E346EC}.AndroidPhone|Any CPU.Build.0 = AndroidPhone|Any CPU
		{50DCC37F-363C-4392-984D-7B7500E346EC}.AndroidPhone|Any CPU.Deploy.0 = AndroidPhone|Any CPU
		{50DCC37F-363C-4392-984D-7B7500E346EC}.AndroidPhone|ARM.ActiveCfg = AndroidPhone|ARM
		{50DCC37F-363C-4392-984D-7B7500E346EC}.AndroidPhone|ARM.Build.0 = AndroidPhone|ARM
		{50DCC37F-363C-4392-984D-7B7500E346EC}.AndroidPhone|ARM.Deploy.0 = AndroidPhone|ARM
		{50DCC37F-363C-4392-984D-7B7500E346EC}.AndroidPhone|iPhone.ActiveCfg = AndroidPhone|Any CPU
		{50DCC37F-363C-4392-984D-7B7500E346EC}.AndroidPhone|iPhoneSimulator.ActiveCfg = AndroidPhone|Any CPU
		{50DCC37F-363C-4392-984D-7B7500E346EC}.AndroidPhone|Mixed Platforms.ActiveCfg = AndroidPhone|x86
		{50DCC37F-363C-4392-984D-7B7500E346EC}.AndroidPhone|x64.ActiveCfg = AndroidPhone|x64
		{50DCC37F-363C-4392-984D-7B7500E346EC}.AndroidPhone|x64.Build.0 = AndroidPhone|x64
		{50DCC37F-363C-4392-984D-7B7500E346EC}.AndroidPhone|x64.Deploy.0 = AndroidPhone|x64
		{50DCC37F-363C-4392-984D-7B7500E346EC}.AndroidPhone|x86.ActiveCfg = AndroidPhone|x86
		{50DCC37F-363C-4392-984D-7B7500E346EC}.AndroidPhone|x86.Build.0 = AndroidPhone|x86
		{50DCC37F-363C-4392-984D-7B7500E346EC}.AndroidPhone|x86.Deploy.0 = AndroidPhone|x86
		{50DCC37F-363C-4392-984D-7B7500E346EC}.AndroidTablet|Any CPU.ActiveCfg = AndroidTablet|Any CPU
		{50DCC37F-363C-4392-984D-7B7500E346EC}.AndroidTablet|Any CPU.Deploy.0 = AndroidTablet|Any CPU
		{50DCC37F-363C-4392-984D-7B7500E346EC}.AndroidTablet|ARM.ActiveCfg = AndroidTablet|ARM
		{50DCC37F-363C-4392-984D-7B7500E346EC}.AndroidTablet|ARM.Deploy.0 = AndroidTablet|ARM
		{50DCC37F-363C-4392-984D-7B7500E346EC}.AndroidTablet|iPhone.ActiveCfg = AndroidTablet|Any CPU
		{50DCC37F-363C-4392-984D-7B7500E346EC}.AndroidTablet|iPhoneSimulator.ActiveCfg = AndroidTablet|Any CPU
		{50DCC37F-363C-4392-984D-7B7500E346EC}.AndroidTablet|Mixed Platforms.ActiveCfg = AndroidTablet|x86
		{50DCC37F-363C-4392-984D-7B7500E346EC}.AndroidTablet|x64.ActiveCfg = AndroidTablet|x64
		{50DCC37F-363C-4392-984D-7B7500E346EC}.AndroidTablet|x64.Deploy.0 = AndroidTablet|x64
		{50DCC37F-363C-4392-984D-7B7500E346EC}.AndroidTablet|x86.ActiveCfg = AndroidTablet|x86
		{50DCC37F-363C-4392-984D-7B7500E346EC}.AndroidTablet|x86.Deploy.0 = AndroidTablet|x86
		{50DCC37F-363C-4392-984D-7B7500E346EC}.AppStore|Any CPU.ActiveCfg = Android Debug|Any CPU
		{50DCC37F-363C-4392-984D-7B7500E346EC}.AppStore|Any CPU.Build.0 = Android Debug|Any CPU
		{50DCC37F-363C-4392-984D-7B7500E346EC}.AppStore|Any CPU.Deploy.0 = Android Debug|Any CPU
		{50DCC37F-363C-4392-984D-7B7500E346EC}.AppStore|ARM.ActiveCfg = Android Debug|ARM
		{50DCC37F-363C-4392-984D-7B7500E346EC}.AppStore|ARM.Build.0 = Android Debug|ARM
		{50DCC37F-363C-4392-984D-7B7500E346EC}.AppStore|ARM.Deploy.0 = Android Debug|ARM
		{50DCC37F-363C-4392-984D-7B7500E346EC}.AppStore|iPhone.ActiveCfg = Android Debug|Any CPU
		{50DCC37F-363C-4392-984D-7B7500E346EC}.AppStore|iPhoneSimulator.ActiveCfg = Android Debug|Any CPU
		{50DCC37F-363C-4392-984D-7B7500E346EC}.AppStore|Mixed Platforms.ActiveCfg = Android Debug|x86
		{50DCC37F-363C-4392-984D-7B7500E346EC}.AppStore|Mixed Platforms.Build.0 = Android Debug|x86
		{50DCC37F-363C-4392-984D-7B7500E346EC}.AppStore|Mixed Platforms.Deploy.0 = Android Debug|x86
		{50DCC37F-363C-4392-984D-7B7500E346EC}.AppStore|x64.ActiveCfg = Android Debug|x64
		{50DCC37F-363C-4392-984D-7B7500E346EC}.AppStore|x64.Build.0 = Android Debug|x64
		{50DCC37F-363C-4392-984D-7B7500E346EC}.AppStore|x64.Deploy.0 = Android Debug|x64
		{50DCC37F-363C-4392-984D-7B7500E346EC}.AppStore|x86.ActiveCfg = Android Debug|x86
		{50DCC37F-363C-4392-984D-7B7500E346EC}.AppStore|x86.Build.0 = Android Debug|x86
		{50DCC37F-363C-4392-984D-7B7500E346EC}.AppStore|x86.Deploy.0 = Android Debug|x86
		{50DCC37F-363C-4392-984D-7B7500E346EC}.Debug|Any CPU.ActiveCfg = Debug|Any CPU
		{50DCC37F-363C-4392-984D-7B7500E346EC}.Debug|Any CPU.Build.0 = Debug|Any CPU
		{50DCC37F-363C-4392-984D-7B7500E346EC}.Debug|ARM.ActiveCfg = Debug|ARM
		{50DCC37F-363C-4392-984D-7B7500E346EC}.Debug|ARM.Build.0 = Debug|ARM
		{50DCC37F-363C-4392-984D-7B7500E346EC}.Debug|ARM.Deploy.0 = Debug|ARM
		{50DCC37F-363C-4392-984D-7B7500E346EC}.Debug|iPhone.ActiveCfg = Debug|Any CPU
		{50DCC37F-363C-4392-984D-7B7500E346EC}.Debug|iPhoneSimulator.ActiveCfg = Debug|Any CPU
		{50DCC37F-363C-4392-984D-7B7500E346EC}.Debug|Mixed Platforms.ActiveCfg = Debug|x86
		{50DCC37F-363C-4392-984D-7B7500E346EC}.Debug|Mixed Platforms.Build.0 = Debug|x86
		{50DCC37F-363C-4392-984D-7B7500E346EC}.Debug|x64.ActiveCfg = Debug|x64
		{50DCC37F-363C-4392-984D-7B7500E346EC}.Debug|x64.Build.0 = Debug|x64
		{50DCC37F-363C-4392-984D-7B7500E346EC}.Debug|x64.Deploy.0 = Debug|x64
		{50DCC37F-363C-4392-984D-7B7500E346EC}.Debug|x86.ActiveCfg = Debug|x86
		{50DCC37F-363C-4392-984D-7B7500E346EC}.Debug|x86.Build.0 = Debug|x86
		{50DCC37F-363C-4392-984D-7B7500E346EC}.Debug|x86.Deploy.0 = Debug|x86
		{50DCC37F-363C-4392-984D-7B7500E346EC}.Release|Any CPU.ActiveCfg = Release|Any CPU
		{50DCC37F-363C-4392-984D-7B7500E346EC}.Release|Any CPU.Build.0 = Release|Any CPU
		{50DCC37F-363C-4392-984D-7B7500E346EC}.Release|Any CPU.Deploy.0 = Release|Any CPU
		{50DCC37F-363C-4392-984D-7B7500E346EC}.Release|ARM.ActiveCfg = Release|ARM
		{50DCC37F-363C-4392-984D-7B7500E346EC}.Release|ARM.Build.0 = Release|ARM
		{50DCC37F-363C-4392-984D-7B7500E346EC}.Release|ARM.Deploy.0 = Release|ARM
		{50DCC37F-363C-4392-984D-7B7500E346EC}.Release|iPhone.ActiveCfg = Release|Any CPU
		{50DCC37F-363C-4392-984D-7B7500E346EC}.Release|iPhoneSimulator.ActiveCfg = Release|Any CPU
		{50DCC37F-363C-4392-984D-7B7500E346EC}.Release|Mixed Platforms.ActiveCfg = Release|x86
		{50DCC37F-363C-4392-984D-7B7500E346EC}.Release|Mixed Platforms.Build.0 = Release|x86
		{50DCC37F-363C-4392-984D-7B7500E346EC}.Release|Mixed Platforms.Deploy.0 = Release|x86
		{50DCC37F-363C-4392-984D-7B7500E346EC}.Release|x64.ActiveCfg = Release|x64
		{50DCC37F-363C-4392-984D-7B7500E346EC}.Release|x64.Build.0 = Release|x64
		{50DCC37F-363C-4392-984D-7B7500E346EC}.Release|x64.Deploy.0 = Release|x64
		{50DCC37F-363C-4392-984D-7B7500E346EC}.Release|x86.ActiveCfg = Release|x86
		{50DCC37F-363C-4392-984D-7B7500E346EC}.Release|x86.Build.0 = Release|x86
		{50DCC37F-363C-4392-984D-7B7500E346EC}.Release|x86.Deploy.0 = Release|x86
		{50DCC37F-363C-4392-984D-7B7500E346EC}.Web|Any CPU.ActiveCfg = Web|Any CPU
		{50DCC37F-363C-4392-984D-7B7500E346EC}.Web|Any CPU.Build.0 = Web|Any CPU
		{50DCC37F-363C-4392-984D-7B7500E346EC}.Web|Any CPU.Deploy.0 = Web|Any CPU
		{50DCC37F-363C-4392-984D-7B7500E346EC}.Web|ARM.ActiveCfg = Web|ARM
		{50DCC37F-363C-4392-984D-7B7500E346EC}.Web|ARM.Build.0 = Web|ARM
		{50DCC37F-363C-4392-984D-7B7500E346EC}.Web|ARM.Deploy.0 = Web|ARM
		{50DCC37F-363C-4392-984D-7B7500E346EC}.Web|iPhone.ActiveCfg = Web|Any CPU
		{50DCC37F-363C-4392-984D-7B7500E346EC}.Web|iPhoneSimulator.ActiveCfg = Web|Any CPU
		{50DCC37F-363C-4392-984D-7B7500E346EC}.Web|Mixed Platforms.ActiveCfg = Web|x86
		{50DCC37F-363C-4392-984D-7B7500E346EC}.Web|x64.ActiveCfg = Web|x64
		{50DCC37F-363C-4392-984D-7B7500E346EC}.Web|x64.Build.0 = Web|x64
		{50DCC37F-363C-4392-984D-7B7500E346EC}.Web|x64.Deploy.0 = Web|x64
		{50DCC37F-363C-4392-984D-7B7500E346EC}.Web|x86.ActiveCfg = Web|x86
		{50DCC37F-363C-4392-984D-7B7500E346EC}.Web|x86.Build.0 = Web|x86
		{50DCC37F-363C-4392-984D-7B7500E346EC}.Web|x86.Deploy.0 = Web|x86
		{50DCC37F-363C-4392-984D-7B7500E346EC}.Win|Any CPU.ActiveCfg = Win|Any CPU
		{50DCC37F-363C-4392-984D-7B7500E346EC}.Win|Any CPU.Deploy.0 = Win|Any CPU
		{50DCC37F-363C-4392-984D-7B7500E346EC}.Win|ARM.ActiveCfg = Win|ARM
		{50DCC37F-363C-4392-984D-7B7500E346EC}.Win|ARM.Deploy.0 = Win|ARM
		{50DCC37F-363C-4392-984D-7B7500E346EC}.Win|iPhone.ActiveCfg = Win|Any CPU
		{50DCC37F-363C-4392-984D-7B7500E346EC}.Win|iPhoneSimulator.ActiveCfg = Win|Any CPU
		{50DCC37F-363C-4392-984D-7B7500E346EC}.Win|Mixed Platforms.ActiveCfg = Win|x86
		{50DCC37F-363C-4392-984D-7B7500E346EC}.Win|Mixed Platforms.Build.0 = Win|x86
		{50DCC37F-363C-4392-984D-7B7500E346EC}.Win|Mixed Platforms.Deploy.0 = Win|x86
		{50DCC37F-363C-4392-984D-7B7500E346EC}.Win|x64.ActiveCfg = Win|x64
		{50DCC37F-363C-4392-984D-7B7500E346EC}.Win|x64.Deploy.0 = Win|x64
		{50DCC37F-363C-4392-984D-7B7500E346EC}.Win|x86.ActiveCfg = Win|x86
		{50DCC37F-363C-4392-984D-7B7500E346EC}.Win|x86.Deploy.0 = Win|x86
		{50DCC37F-363C-4392-984D-7B7500E346EC}.WinPhone|Any CPU.ActiveCfg = WinPhone|Any CPU
		{50DCC37F-363C-4392-984D-7B7500E346EC}.WinPhone|Any CPU.Deploy.0 = WinPhone|Any CPU
		{50DCC37F-363C-4392-984D-7B7500E346EC}.WinPhone|ARM.ActiveCfg = WinPhone|ARM
		{50DCC37F-363C-4392-984D-7B7500E346EC}.WinPhone|ARM.Deploy.0 = WinPhone|ARM
		{50DCC37F-363C-4392-984D-7B7500E346EC}.WinPhone|iPhone.ActiveCfg = WinPhone|Any CPU
		{50DCC37F-363C-4392-984D-7B7500E346EC}.WinPhone|iPhoneSimulator.ActiveCfg = WinPhone|Any CPU
		{50DCC37F-363C-4392-984D-7B7500E346EC}.WinPhone|Mixed Platforms.ActiveCfg = WinPhone|x86
		{50DCC37F-363C-4392-984D-7B7500E346EC}.WinPhone|x64.ActiveCfg = WinPhone|x64
		{50DCC37F-363C-4392-984D-7B7500E346EC}.WinPhone|x64.Deploy.0 = WinPhone|x64
		{50DCC37F-363C-4392-984D-7B7500E346EC}.WinPhone|x86.ActiveCfg = WinPhone|x86
		{50DCC37F-363C-4392-984D-7B7500E346EC}.WinPhone|x86.Deploy.0 = WinPhone|x86
		{6E483DED-C85B-4DB4-9048-B6CCD1B639BD}.Ad-Hoc|Any CPU.ActiveCfg = Release|Any CPU
		{6E483DED-C85B-4DB4-9048-B6CCD1B639BD}.Ad-Hoc|Any CPU.Build.0 = Release|Any CPU
		{6E483DED-C85B-4DB4-9048-B6CCD1B639BD}.Ad-Hoc|Any CPU.Deploy.0 = Release|Any CPU
		{6E483DED-C85B-4DB4-9048-B6CCD1B639BD}.Ad-Hoc|ARM.ActiveCfg = Release|Any CPU
		{6E483DED-C85B-4DB4-9048-B6CCD1B639BD}.Ad-Hoc|iPhone.ActiveCfg = Release|Any CPU
		{6E483DED-C85B-4DB4-9048-B6CCD1B639BD}.Ad-Hoc|iPhoneSimulator.ActiveCfg = Release|Any CPU
		{6E483DED-C85B-4DB4-9048-B6CCD1B639BD}.Ad-Hoc|Mixed Platforms.ActiveCfg = Release|Any CPU
		{6E483DED-C85B-4DB4-9048-B6CCD1B639BD}.Ad-Hoc|Mixed Platforms.Build.0 = Release|Any CPU
		{6E483DED-C85B-4DB4-9048-B6CCD1B639BD}.Ad-Hoc|Mixed Platforms.Deploy.0 = Release|Any CPU
		{6E483DED-C85B-4DB4-9048-B6CCD1B639BD}.Ad-Hoc|x64.ActiveCfg = Release|Any CPU
		{6E483DED-C85B-4DB4-9048-B6CCD1B639BD}.Ad-Hoc|x86.ActiveCfg = Release|Any CPU
		{6E483DED-C85B-4DB4-9048-B6CCD1B639BD}.AndroidPhone|Any CPU.ActiveCfg = AndroidPhone|Any CPU
		{6E483DED-C85B-4DB4-9048-B6CCD1B639BD}.AndroidPhone|Any CPU.Build.0 = AndroidPhone|Any CPU
		{6E483DED-C85B-4DB4-9048-B6CCD1B639BD}.AndroidPhone|Any CPU.Deploy.0 = AndroidPhone|Any CPU
		{6E483DED-C85B-4DB4-9048-B6CCD1B639BD}.AndroidPhone|ARM.ActiveCfg = AndroidPhone|Any CPU
		{6E483DED-C85B-4DB4-9048-B6CCD1B639BD}.AndroidPhone|iPhone.ActiveCfg = AndroidPhone|Any CPU
		{6E483DED-C85B-4DB4-9048-B6CCD1B639BD}.AndroidPhone|iPhoneSimulator.ActiveCfg = AndroidPhone|Any CPU
		{6E483DED-C85B-4DB4-9048-B6CCD1B639BD}.AndroidPhone|Mixed Platforms.ActiveCfg = AndroidPhone|Any CPU
		{6E483DED-C85B-4DB4-9048-B6CCD1B639BD}.AndroidPhone|x64.ActiveCfg = AndroidPhone|Any CPU
		{6E483DED-C85B-4DB4-9048-B6CCD1B639BD}.AndroidPhone|x86.ActiveCfg = AndroidPhone|Any CPU
		{6E483DED-C85B-4DB4-9048-B6CCD1B639BD}.AndroidTablet|Any CPU.ActiveCfg = AndroidTablet|Any CPU
		{6E483DED-C85B-4DB4-9048-B6CCD1B639BD}.AndroidTablet|Any CPU.Deploy.0 = AndroidTablet|Any CPU
		{6E483DED-C85B-4DB4-9048-B6CCD1B639BD}.AndroidTablet|ARM.ActiveCfg = AndroidTablet|Any CPU
		{6E483DED-C85B-4DB4-9048-B6CCD1B639BD}.AndroidTablet|iPhone.ActiveCfg = AndroidTablet|Any CPU
		{6E483DED-C85B-4DB4-9048-B6CCD1B639BD}.AndroidTablet|iPhoneSimulator.ActiveCfg = AndroidTablet|Any CPU
		{6E483DED-C85B-4DB4-9048-B6CCD1B639BD}.AndroidTablet|Mixed Platforms.ActiveCfg = AndroidTablet|Any CPU
		{6E483DED-C85B-4DB4-9048-B6CCD1B639BD}.AndroidTablet|x64.ActiveCfg = AndroidTablet|Any CPU
		{6E483DED-C85B-4DB4-9048-B6CCD1B639BD}.AndroidTablet|x86.ActiveCfg = AndroidTablet|Any CPU
		{6E483DED-C85B-4DB4-9048-B6CCD1B639BD}.AppStore|Any CPU.ActiveCfg = Release|Any CPU
		{6E483DED-C85B-4DB4-9048-B6CCD1B639BD}.AppStore|Any CPU.Build.0 = Release|Any CPU
		{6E483DED-C85B-4DB4-9048-B6CCD1B639BD}.AppStore|Any CPU.Deploy.0 = Release|Any CPU
		{6E483DED-C85B-4DB4-9048-B6CCD1B639BD}.AppStore|ARM.ActiveCfg = Release|Any CPU
		{6E483DED-C85B-4DB4-9048-B6CCD1B639BD}.AppStore|iPhone.ActiveCfg = Release|Any CPU
		{6E483DED-C85B-4DB4-9048-B6CCD1B639BD}.AppStore|iPhoneSimulator.ActiveCfg = Release|Any CPU
		{6E483DED-C85B-4DB4-9048-B6CCD1B639BD}.AppStore|Mixed Platforms.ActiveCfg = Release|Any CPU
		{6E483DED-C85B-4DB4-9048-B6CCD1B639BD}.AppStore|Mixed Platforms.Build.0 = Release|Any CPU
		{6E483DED-C85B-4DB4-9048-B6CCD1B639BD}.AppStore|Mixed Platforms.Deploy.0 = Release|Any CPU
		{6E483DED-C85B-4DB4-9048-B6CCD1B639BD}.AppStore|x64.ActiveCfg = Release|Any CPU
		{6E483DED-C85B-4DB4-9048-B6CCD1B639BD}.AppStore|x86.ActiveCfg = Release|Any CPU
		{6E483DED-C85B-4DB4-9048-B6CCD1B639BD}.Debug|Any CPU.ActiveCfg = Debug|Any CPU
		{6E483DED-C85B-4DB4-9048-B6CCD1B639BD}.Debug|Any CPU.Build.0 = Debug|Any CPU
		{6E483DED-C85B-4DB4-9048-B6CCD1B639BD}.Debug|ARM.ActiveCfg = Debug|Any CPU
		{6E483DED-C85B-4DB4-9048-B6CCD1B639BD}.Debug|iPhone.ActiveCfg = Debug|Any CPU
		{6E483DED-C85B-4DB4-9048-B6CCD1B639BD}.Debug|iPhoneSimulator.ActiveCfg = Debug|Any CPU
		{6E483DED-C85B-4DB4-9048-B6CCD1B639BD}.Debug|Mixed Platforms.ActiveCfg = Debug|Any CPU
		{6E483DED-C85B-4DB4-9048-B6CCD1B639BD}.Debug|Mixed Platforms.Build.0 = Debug|Any CPU
		{6E483DED-C85B-4DB4-9048-B6CCD1B639BD}.Debug|x64.ActiveCfg = Debug|Any CPU
		{6E483DED-C85B-4DB4-9048-B6CCD1B639BD}.Debug|x86.ActiveCfg = Debug|Any CPU
		{6E483DED-C85B-4DB4-9048-B6CCD1B639BD}.Release|Any CPU.ActiveCfg = Release|Any CPU
		{6E483DED-C85B-4DB4-9048-B6CCD1B639BD}.Release|Any CPU.Build.0 = Release|Any CPU
		{6E483DED-C85B-4DB4-9048-B6CCD1B639BD}.Release|Any CPU.Deploy.0 = Release|Any CPU
		{6E483DED-C85B-4DB4-9048-B6CCD1B639BD}.Release|ARM.ActiveCfg = Release|Any CPU
		{6E483DED-C85B-4DB4-9048-B6CCD1B639BD}.Release|iPhone.ActiveCfg = Release|Any CPU
		{6E483DED-C85B-4DB4-9048-B6CCD1B639BD}.Release|iPhoneSimulator.ActiveCfg = Release|Any CPU
		{6E483DED-C85B-4DB4-9048-B6CCD1B639BD}.Release|Mixed Platforms.ActiveCfg = Release|Any CPU
		{6E483DED-C85B-4DB4-9048-B6CCD1B639BD}.Release|Mixed Platforms.Build.0 = Release|Any CPU
		{6E483DED-C85B-4DB4-9048-B6CCD1B639BD}.Release|Mixed Platforms.Deploy.0 = Release|Any CPU
		{6E483DED-C85B-4DB4-9048-B6CCD1B639BD}.Release|x64.ActiveCfg = Release|Any CPU
		{6E483DED-C85B-4DB4-9048-B6CCD1B639BD}.Release|x86.ActiveCfg = Release|Any CPU
		{6E483DED-C85B-4DB4-9048-B6CCD1B639BD}.Web|Any CPU.ActiveCfg = Web|Any CPU
		{6E483DED-C85B-4DB4-9048-B6CCD1B639BD}.Web|Any CPU.Build.0 = Web|Any CPU
		{6E483DED-C85B-4DB4-9048-B6CCD1B639BD}.Web|Any CPU.Deploy.0 = Web|Any CPU
		{6E483DED-C85B-4DB4-9048-B6CCD1B639BD}.Web|ARM.ActiveCfg = Web|Any CPU
		{6E483DED-C85B-4DB4-9048-B6CCD1B639BD}.Web|iPhone.ActiveCfg = Web|Any CPU
		{6E483DED-C85B-4DB4-9048-B6CCD1B639BD}.Web|iPhoneSimulator.ActiveCfg = Web|Any CPU
		{6E483DED-C85B-4DB4-9048-B6CCD1B639BD}.Web|Mixed Platforms.ActiveCfg = Web|Any CPU
		{6E483DED-C85B-4DB4-9048-B6CCD1B639BD}.Web|x64.ActiveCfg = Web|Any CPU
		{6E483DED-C85B-4DB4-9048-B6CCD1B639BD}.Web|x86.ActiveCfg = Web|Any CPU
		{6E483DED-C85B-4DB4-9048-B6CCD1B639BD}.Win|Any CPU.ActiveCfg = Win|Any CPU
		{6E483DED-C85B-4DB4-9048-B6CCD1B639BD}.Win|Any CPU.Build.0 = Win|Any CPU
		{6E483DED-C85B-4DB4-9048-B6CCD1B639BD}.Win|Any CPU.Deploy.0 = Win|Any CPU
		{6E483DED-C85B-4DB4-9048-B6CCD1B639BD}.Win|ARM.ActiveCfg = Win|Any CPU
		{6E483DED-C85B-4DB4-9048-B6CCD1B639BD}.Win|iPhone.ActiveCfg = Win|Any CPU
		{6E483DED-C85B-4DB4-9048-B6CCD1B639BD}.Win|iPhoneSimulator.ActiveCfg = Win|Any CPU
		{6E483DED-C85B-4DB4-9048-B6CCD1B639BD}.Win|Mixed Platforms.ActiveCfg = Win|Any CPU
		{6E483DED-C85B-4DB4-9048-B6CCD1B639BD}.Win|x64.ActiveCfg = Win|Any CPU
		{6E483DED-C85B-4DB4-9048-B6CCD1B639BD}.Win|x86.ActiveCfg = Win|Any CPU
		{6E483DED-C85B-4DB4-9048-B6CCD1B639BD}.WinPhone|Any CPU.ActiveCfg = WinPhone|Any CPU
		{6E483DED-C85B-4DB4-9048-B6CCD1B639BD}.WinPhone|Any CPU.Deploy.0 = WinPhone|Any CPU
		{6E483DED-C85B-4DB4-9048-B6CCD1B639BD}.WinPhone|ARM.ActiveCfg = WinPhone|Any CPU
		{6E483DED-C85B-4DB4-9048-B6CCD1B639BD}.WinPhone|iPhone.ActiveCfg = WinPhone|Any CPU
		{6E483DED-C85B-4DB4-9048-B6CCD1B639BD}.WinPhone|iPhoneSimulator.ActiveCfg = WinPhone|Any CPU
		{6E483DED-C85B-4DB4-9048-B6CCD1B639BD}.WinPhone|Mixed Platforms.ActiveCfg = WinPhone|Any CPU
		{6E483DED-C85B-4DB4-9048-B6CCD1B639BD}.WinPhone|Mixed Platforms.Build.0 = WinPhone|Any CPU
		{6E483DED-C85B-4DB4-9048-B6CCD1B639BD}.WinPhone|Mixed Platforms.Deploy.0 = WinPhone|Any CPU
		{6E483DED-C85B-4DB4-9048-B6CCD1B639BD}.WinPhone|x64.ActiveCfg = WinPhone|Any CPU
		{6E483DED-C85B-4DB4-9048-B6CCD1B639BD}.WinPhone|x86.ActiveCfg = WinPhone|Any CPU
		{0D3F5F02-9371-49CF-9820-FFAA3A8E8D44}.Ad-Hoc|Any CPU.ActiveCfg = Release|Any CPU
		{0D3F5F02-9371-49CF-9820-FFAA3A8E8D44}.Ad-Hoc|Any CPU.Build.0 = Release|Any CPU
		{0D3F5F02-9371-49CF-9820-FFAA3A8E8D44}.Ad-Hoc|Any CPU.Deploy.0 = Release|Any CPU
		{0D3F5F02-9371-49CF-9820-FFAA3A8E8D44}.Ad-Hoc|ARM.ActiveCfg = Release|Any CPU
		{0D3F5F02-9371-49CF-9820-FFAA3A8E8D44}.Ad-Hoc|iPhone.ActiveCfg = Release|Any CPU
		{0D3F5F02-9371-49CF-9820-FFAA3A8E8D44}.Ad-Hoc|iPhoneSimulator.ActiveCfg = Release|Any CPU
		{0D3F5F02-9371-49CF-9820-FFAA3A8E8D44}.Ad-Hoc|Mixed Platforms.ActiveCfg = Release|Any CPU
		{0D3F5F02-9371-49CF-9820-FFAA3A8E8D44}.Ad-Hoc|Mixed Platforms.Build.0 = Release|Any CPU
		{0D3F5F02-9371-49CF-9820-FFAA3A8E8D44}.Ad-Hoc|Mixed Platforms.Deploy.0 = Release|Any CPU
		{0D3F5F02-9371-49CF-9820-FFAA3A8E8D44}.Ad-Hoc|x64.ActiveCfg = Release|Any CPU
		{0D3F5F02-9371-49CF-9820-FFAA3A8E8D44}.Ad-Hoc|x86.ActiveCfg = Release|Any CPU
		{0D3F5F02-9371-49CF-9820-FFAA3A8E8D44}.AndroidPhone|Any CPU.ActiveCfg = AndroidPhone|Any CPU
		{0D3F5F02-9371-49CF-9820-FFAA3A8E8D44}.AndroidPhone|Any CPU.Build.0 = AndroidPhone|Any CPU
		{0D3F5F02-9371-49CF-9820-FFAA3A8E8D44}.AndroidPhone|Any CPU.Deploy.0 = AndroidPhone|Any CPU
		{0D3F5F02-9371-49CF-9820-FFAA3A8E8D44}.AndroidPhone|ARM.ActiveCfg = AndroidPhone|Any CPU
		{0D3F5F02-9371-49CF-9820-FFAA3A8E8D44}.AndroidPhone|iPhone.ActiveCfg = AndroidPhone|Any CPU
		{0D3F5F02-9371-49CF-9820-FFAA3A8E8D44}.AndroidPhone|iPhoneSimulator.ActiveCfg = AndroidPhone|Any CPU
		{0D3F5F02-9371-49CF-9820-FFAA3A8E8D44}.AndroidPhone|Mixed Platforms.ActiveCfg = AndroidPhone|Any CPU
		{0D3F5F02-9371-49CF-9820-FFAA3A8E8D44}.AndroidPhone|Mixed Platforms.Build.0 = AndroidPhone|Any CPU
		{0D3F5F02-9371-49CF-9820-FFAA3A8E8D44}.AndroidPhone|Mixed Platforms.Deploy.0 = AndroidPhone|Any CPU
		{0D3F5F02-9371-49CF-9820-FFAA3A8E8D44}.AndroidPhone|x64.ActiveCfg = AndroidPhone|Any CPU
		{0D3F5F02-9371-49CF-9820-FFAA3A8E8D44}.AndroidPhone|x86.ActiveCfg = AndroidPhone|Any CPU
		{0D3F5F02-9371-49CF-9820-FFAA3A8E8D44}.AndroidTablet|Any CPU.ActiveCfg = AndroidTablet|Any CPU
		{0D3F5F02-9371-49CF-9820-FFAA3A8E8D44}.AndroidTablet|Any CPU.Build.0 = AndroidTablet|Any CPU
		{0D3F5F02-9371-49CF-9820-FFAA3A8E8D44}.AndroidTablet|Any CPU.Deploy.0 = AndroidTablet|Any CPU
		{0D3F5F02-9371-49CF-9820-FFAA3A8E8D44}.AndroidTablet|ARM.ActiveCfg = AndroidTablet|Any CPU
		{0D3F5F02-9371-49CF-9820-FFAA3A8E8D44}.AndroidTablet|iPhone.ActiveCfg = AndroidTablet|Any CPU
		{0D3F5F02-9371-49CF-9820-FFAA3A8E8D44}.AndroidTablet|iPhoneSimulator.ActiveCfg = AndroidTablet|Any CPU
		{0D3F5F02-9371-49CF-9820-FFAA3A8E8D44}.AndroidTablet|Mixed Platforms.ActiveCfg = AndroidTablet|Any CPU
		{0D3F5F02-9371-49CF-9820-FFAA3A8E8D44}.AndroidTablet|x64.ActiveCfg = AndroidTablet|Any CPU
		{0D3F5F02-9371-49CF-9820-FFAA3A8E8D44}.AndroidTablet|x86.ActiveCfg = AndroidTablet|Any CPU
		{0D3F5F02-9371-49CF-9820-FFAA3A8E8D44}.AppStore|Any CPU.ActiveCfg = Release|Any CPU
		{0D3F5F02-9371-49CF-9820-FFAA3A8E8D44}.AppStore|Any CPU.Build.0 = Release|Any CPU
		{0D3F5F02-9371-49CF-9820-FFAA3A8E8D44}.AppStore|Any CPU.Deploy.0 = Release|Any CPU
		{0D3F5F02-9371-49CF-9820-FFAA3A8E8D44}.AppStore|ARM.ActiveCfg = Release|Any CPU
		{0D3F5F02-9371-49CF-9820-FFAA3A8E8D44}.AppStore|iPhone.ActiveCfg = Release|Any CPU
		{0D3F5F02-9371-49CF-9820-FFAA3A8E8D44}.AppStore|iPhoneSimulator.ActiveCfg = Release|Any CPU
		{0D3F5F02-9371-49CF-9820-FFAA3A8E8D44}.AppStore|Mixed Platforms.ActiveCfg = Release|Any CPU
		{0D3F5F02-9371-49CF-9820-FFAA3A8E8D44}.AppStore|Mixed Platforms.Build.0 = Release|Any CPU
		{0D3F5F02-9371-49CF-9820-FFAA3A8E8D44}.AppStore|Mixed Platforms.Deploy.0 = Release|Any CPU
		{0D3F5F02-9371-49CF-9820-FFAA3A8E8D44}.AppStore|x64.ActiveCfg = Release|Any CPU
		{0D3F5F02-9371-49CF-9820-FFAA3A8E8D44}.AppStore|x86.ActiveCfg = Release|Any CPU
		{0D3F5F02-9371-49CF-9820-FFAA3A8E8D44}.Debug|Any CPU.ActiveCfg = Debug|Any CPU
		{0D3F5F02-9371-49CF-9820-FFAA3A8E8D44}.Debug|Any CPU.Build.0 = Debug|Any CPU
		{0D3F5F02-9371-49CF-9820-FFAA3A8E8D44}.Debug|Any CPU.Deploy.0 = Debug|Any CPU
		{0D3F5F02-9371-49CF-9820-FFAA3A8E8D44}.Debug|ARM.ActiveCfg = Debug|Any CPU
		{0D3F5F02-9371-49CF-9820-FFAA3A8E8D44}.Debug|iPhone.ActiveCfg = Debug|Any CPU
		{0D3F5F02-9371-49CF-9820-FFAA3A8E8D44}.Debug|iPhoneSimulator.ActiveCfg = Debug|Any CPU
		{0D3F5F02-9371-49CF-9820-FFAA3A8E8D44}.Debug|Mixed Platforms.ActiveCfg = Debug|Any CPU
		{0D3F5F02-9371-49CF-9820-FFAA3A8E8D44}.Debug|Mixed Platforms.Build.0 = Debug|Any CPU
		{0D3F5F02-9371-49CF-9820-FFAA3A8E8D44}.Debug|x64.ActiveCfg = Debug|Any CPU
		{0D3F5F02-9371-49CF-9820-FFAA3A8E8D44}.Debug|x86.ActiveCfg = Debug|Any CPU
		{0D3F5F02-9371-49CF-9820-FFAA3A8E8D44}.Release|Any CPU.ActiveCfg = Release|Any CPU
		{0D3F5F02-9371-49CF-9820-FFAA3A8E8D44}.Release|Any CPU.Build.0 = Release|Any CPU
		{0D3F5F02-9371-49CF-9820-FFAA3A8E8D44}.Release|ARM.ActiveCfg = Release|Any CPU
		{0D3F5F02-9371-49CF-9820-FFAA3A8E8D44}.Release|iPhone.ActiveCfg = Release|Any CPU
		{0D3F5F02-9371-49CF-9820-FFAA3A8E8D44}.Release|iPhoneSimulator.ActiveCfg = Release|Any CPU
		{0D3F5F02-9371-49CF-9820-FFAA3A8E8D44}.Release|Mixed Platforms.ActiveCfg = Release|Any CPU
		{0D3F5F02-9371-49CF-9820-FFAA3A8E8D44}.Release|Mixed Platforms.Build.0 = Release|Any CPU
		{0D3F5F02-9371-49CF-9820-FFAA3A8E8D44}.Release|Mixed Platforms.Deploy.0 = Release|Any CPU
		{0D3F5F02-9371-49CF-9820-FFAA3A8E8D44}.Release|x64.ActiveCfg = Release|Any CPU
		{0D3F5F02-9371-49CF-9820-FFAA3A8E8D44}.Release|x86.ActiveCfg = Release|Any CPU
		{0D3F5F02-9371-49CF-9820-FFAA3A8E8D44}.Web|Any CPU.ActiveCfg = Web|Any CPU
		{0D3F5F02-9371-49CF-9820-FFAA3A8E8D44}.Web|Any CPU.Build.0 = Web|Any CPU
		{0D3F5F02-9371-49CF-9820-FFAA3A8E8D44}.Web|Any CPU.Deploy.0 = Web|Any CPU
		{0D3F5F02-9371-49CF-9820-FFAA3A8E8D44}.Web|ARM.ActiveCfg = Web|Any CPU
		{0D3F5F02-9371-49CF-9820-FFAA3A8E8D44}.Web|iPhone.ActiveCfg = Web|Any CPU
		{0D3F5F02-9371-49CF-9820-FFAA3A8E8D44}.Web|iPhoneSimulator.ActiveCfg = Web|Any CPU
		{0D3F5F02-9371-49CF-9820-FFAA3A8E8D44}.Web|Mixed Platforms.ActiveCfg = Web|Any CPU
		{0D3F5F02-9371-49CF-9820-FFAA3A8E8D44}.Web|x64.ActiveCfg = Web|Any CPU
		{0D3F5F02-9371-49CF-9820-FFAA3A8E8D44}.Web|x86.ActiveCfg = Web|Any CPU
		{0D3F5F02-9371-49CF-9820-FFAA3A8E8D44}.Win|Any CPU.ActiveCfg = Win|Any CPU
		{0D3F5F02-9371-49CF-9820-FFAA3A8E8D44}.Win|Any CPU.Deploy.0 = Win|Any CPU
		{0D3F5F02-9371-49CF-9820-FFAA3A8E8D44}.Win|ARM.ActiveCfg = Win|Any CPU
		{0D3F5F02-9371-49CF-9820-FFAA3A8E8D44}.Win|iPhone.ActiveCfg = Win|Any CPU
		{0D3F5F02-9371-49CF-9820-FFAA3A8E8D44}.Win|iPhoneSimulator.ActiveCfg = Win|Any CPU
		{0D3F5F02-9371-49CF-9820-FFAA3A8E8D44}.Win|Mixed Platforms.ActiveCfg = Win|Any CPU
		{0D3F5F02-9371-49CF-9820-FFAA3A8E8D44}.Win|x64.ActiveCfg = Win|Any CPU
		{0D3F5F02-9371-49CF-9820-FFAA3A8E8D44}.Win|x86.ActiveCfg = Win|Any CPU
		{0D3F5F02-9371-49CF-9820-FFAA3A8E8D44}.WinPhone|Any CPU.ActiveCfg = WinPhone|Any CPU
		{0D3F5F02-9371-49CF-9820-FFAA3A8E8D44}.WinPhone|Any CPU.Build.0 = WinPhone|Any CPU
		{0D3F5F02-9371-49CF-9820-FFAA3A8E8D44}.WinPhone|Any CPU.Deploy.0 = WinPhone|Any CPU
		{0D3F5F02-9371-49CF-9820-FFAA3A8E8D44}.WinPhone|ARM.ActiveCfg = WinPhone|Any CPU
		{0D3F5F02-9371-49CF-9820-FFAA3A8E8D44}.WinPhone|iPhone.ActiveCfg = WinPhone|Any CPU
		{0D3F5F02-9371-49CF-9820-FFAA3A8E8D44}.WinPhone|iPhoneSimulator.ActiveCfg = WinPhone|Any CPU
		{0D3F5F02-9371-49CF-9820-FFAA3A8E8D44}.WinPhone|Mixed Platforms.ActiveCfg = WinPhone|Any CPU
		{0D3F5F02-9371-49CF-9820-FFAA3A8E8D44}.WinPhone|x64.ActiveCfg = WinPhone|Any CPU
		{0D3F5F02-9371-49CF-9820-FFAA3A8E8D44}.WinPhone|x86.ActiveCfg = WinPhone|Any CPU
		{E041902E-84F9-4C0A-B178-A36626B1CC67}.Ad-Hoc|Any CPU.ActiveCfg = Release|Any CPU
		{E041902E-84F9-4C0A-B178-A36626B1CC67}.Ad-Hoc|Any CPU.Build.0 = Release|Any CPU
		{E041902E-84F9-4C0A-B178-A36626B1CC67}.Ad-Hoc|Any CPU.Deploy.0 = Release|Any CPU
		{E041902E-84F9-4C0A-B178-A36626B1CC67}.Ad-Hoc|ARM.ActiveCfg = Release|Any CPU
		{E041902E-84F9-4C0A-B178-A36626B1CC67}.Ad-Hoc|iPhone.ActiveCfg = Release|Any CPU
		{E041902E-84F9-4C0A-B178-A36626B1CC67}.Ad-Hoc|iPhoneSimulator.ActiveCfg = Release|Any CPU
		{E041902E-84F9-4C0A-B178-A36626B1CC67}.Ad-Hoc|Mixed Platforms.ActiveCfg = Release|Any CPU
		{E041902E-84F9-4C0A-B178-A36626B1CC67}.Ad-Hoc|Mixed Platforms.Build.0 = Release|Any CPU
		{E041902E-84F9-4C0A-B178-A36626B1CC67}.Ad-Hoc|Mixed Platforms.Deploy.0 = Release|Any CPU
		{E041902E-84F9-4C0A-B178-A36626B1CC67}.Ad-Hoc|x64.ActiveCfg = Release|Any CPU
		{E041902E-84F9-4C0A-B178-A36626B1CC67}.Ad-Hoc|x86.ActiveCfg = Release|Any CPU
		{E041902E-84F9-4C0A-B178-A36626B1CC67}.AndroidPhone|Any CPU.ActiveCfg = AndroidPhone|Any CPU
		{E041902E-84F9-4C0A-B178-A36626B1CC67}.AndroidPhone|Any CPU.Build.0 = AndroidPhone|Any CPU
		{E041902E-84F9-4C0A-B178-A36626B1CC67}.AndroidPhone|Any CPU.Deploy.0 = AndroidPhone|Any CPU
		{E041902E-84F9-4C0A-B178-A36626B1CC67}.AndroidPhone|ARM.ActiveCfg = AndroidPhone|Any CPU
		{E041902E-84F9-4C0A-B178-A36626B1CC67}.AndroidPhone|iPhone.ActiveCfg = AndroidPhone|Any CPU
		{E041902E-84F9-4C0A-B178-A36626B1CC67}.AndroidPhone|iPhoneSimulator.ActiveCfg = AndroidPhone|Any CPU
		{E041902E-84F9-4C0A-B178-A36626B1CC67}.AndroidPhone|Mixed Platforms.ActiveCfg = AndroidPhone|Any CPU
		{E041902E-84F9-4C0A-B178-A36626B1CC67}.AndroidPhone|x64.ActiveCfg = AndroidPhone|Any CPU
		{E041902E-84F9-4C0A-B178-A36626B1CC67}.AndroidPhone|x86.ActiveCfg = AndroidPhone|Any CPU
		{E041902E-84F9-4C0A-B178-A36626B1CC67}.AndroidTablet|Any CPU.ActiveCfg = AndroidTablet|Any CPU
		{E041902E-84F9-4C0A-B178-A36626B1CC67}.AndroidTablet|Any CPU.Deploy.0 = AndroidTablet|Any CPU
		{E041902E-84F9-4C0A-B178-A36626B1CC67}.AndroidTablet|ARM.ActiveCfg = AndroidTablet|Any CPU
		{E041902E-84F9-4C0A-B178-A36626B1CC67}.AndroidTablet|iPhone.ActiveCfg = AndroidTablet|Any CPU
		{E041902E-84F9-4C0A-B178-A36626B1CC67}.AndroidTablet|iPhoneSimulator.ActiveCfg = AndroidTablet|Any CPU
		{E041902E-84F9-4C0A-B178-A36626B1CC67}.AndroidTablet|Mixed Platforms.ActiveCfg = AndroidTablet|Any CPU
		{E041902E-84F9-4C0A-B178-A36626B1CC67}.AndroidTablet|Mixed Platforms.Build.0 = AndroidTablet|Any CPU
		{E041902E-84F9-4C0A-B178-A36626B1CC67}.AndroidTablet|Mixed Platforms.Deploy.0 = AndroidTablet|Any CPU
		{E041902E-84F9-4C0A-B178-A36626B1CC67}.AndroidTablet|x64.ActiveCfg = AndroidTablet|Any CPU
		{E041902E-84F9-4C0A-B178-A36626B1CC67}.AndroidTablet|x86.ActiveCfg = AndroidTablet|Any CPU
		{E041902E-84F9-4C0A-B178-A36626B1CC67}.AppStore|Any CPU.ActiveCfg = Release|Any CPU
		{E041902E-84F9-4C0A-B178-A36626B1CC67}.AppStore|Any CPU.Build.0 = Release|Any CPU
		{E041902E-84F9-4C0A-B178-A36626B1CC67}.AppStore|Any CPU.Deploy.0 = Release|Any CPU
		{E041902E-84F9-4C0A-B178-A36626B1CC67}.AppStore|ARM.ActiveCfg = Release|Any CPU
		{E041902E-84F9-4C0A-B178-A36626B1CC67}.AppStore|iPhone.ActiveCfg = Release|Any CPU
		{E041902E-84F9-4C0A-B178-A36626B1CC67}.AppStore|iPhoneSimulator.ActiveCfg = Release|Any CPU
		{E041902E-84F9-4C0A-B178-A36626B1CC67}.AppStore|Mixed Platforms.ActiveCfg = Release|Any CPU
		{E041902E-84F9-4C0A-B178-A36626B1CC67}.AppStore|Mixed Platforms.Build.0 = Release|Any CPU
		{E041902E-84F9-4C0A-B178-A36626B1CC67}.AppStore|Mixed Platforms.Deploy.0 = Release|Any CPU
		{E041902E-84F9-4C0A-B178-A36626B1CC67}.AppStore|x64.ActiveCfg = Release|Any CPU
		{E041902E-84F9-4C0A-B178-A36626B1CC67}.AppStore|x86.ActiveCfg = Release|Any CPU
		{E041902E-84F9-4C0A-B178-A36626B1CC67}.Debug|Any CPU.ActiveCfg = Debug|Any CPU
		{E041902E-84F9-4C0A-B178-A36626B1CC67}.Debug|Any CPU.Build.0 = Debug|Any CPU
		{E041902E-84F9-4C0A-B178-A36626B1CC67}.Debug|ARM.ActiveCfg = Debug|Any CPU
		{E041902E-84F9-4C0A-B178-A36626B1CC67}.Debug|iPhone.ActiveCfg = Debug|Any CPU
		{E041902E-84F9-4C0A-B178-A36626B1CC67}.Debug|iPhoneSimulator.ActiveCfg = Debug|Any CPU
		{E041902E-84F9-4C0A-B178-A36626B1CC67}.Debug|Mixed Platforms.ActiveCfg = Debug|Any CPU
		{E041902E-84F9-4C0A-B178-A36626B1CC67}.Debug|Mixed Platforms.Build.0 = Debug|Any CPU
		{E041902E-84F9-4C0A-B178-A36626B1CC67}.Debug|x64.ActiveCfg = Debug|Any CPU
		{E041902E-84F9-4C0A-B178-A36626B1CC67}.Debug|x86.ActiveCfg = Debug|Any CPU
		{E041902E-84F9-4C0A-B178-A36626B1CC67}.Release|Any CPU.ActiveCfg = Release|Any CPU
		{E041902E-84F9-4C0A-B178-A36626B1CC67}.Release|Any CPU.Build.0 = Release|Any CPU
		{E041902E-84F9-4C0A-B178-A36626B1CC67}.Release|ARM.ActiveCfg = Release|Any CPU
		{E041902E-84F9-4C0A-B178-A36626B1CC67}.Release|iPhone.ActiveCfg = Release|Any CPU
		{E041902E-84F9-4C0A-B178-A36626B1CC67}.Release|iPhoneSimulator.ActiveCfg = Release|Any CPU
		{E041902E-84F9-4C0A-B178-A36626B1CC67}.Release|Mixed Platforms.ActiveCfg = Release|Any CPU
		{E041902E-84F9-4C0A-B178-A36626B1CC67}.Release|Mixed Platforms.Build.0 = Release|Any CPU
		{E041902E-84F9-4C0A-B178-A36626B1CC67}.Release|Mixed Platforms.Deploy.0 = Release|Any CPU
		{E041902E-84F9-4C0A-B178-A36626B1CC67}.Release|x64.ActiveCfg = Release|Any CPU
		{E041902E-84F9-4C0A-B178-A36626B1CC67}.Release|x86.ActiveCfg = Release|Any CPU
		{E041902E-84F9-4C0A-B178-A36626B1CC67}.Web|Any CPU.ActiveCfg = Web|Any CPU
		{E041902E-84F9-4C0A-B178-A36626B1CC67}.Web|Any CPU.Build.0 = Web|Any CPU
		{E041902E-84F9-4C0A-B178-A36626B1CC67}.Web|Any CPU.Deploy.0 = Web|Any CPU
		{E041902E-84F9-4C0A-B178-A36626B1CC67}.Web|ARM.ActiveCfg = Web|Any CPU
		{E041902E-84F9-4C0A-B178-A36626B1CC67}.Web|iPhone.ActiveCfg = Web|Any CPU
		{E041902E-84F9-4C0A-B178-A36626B1CC67}.Web|iPhoneSimulator.ActiveCfg = Web|Any CPU
		{E041902E-84F9-4C0A-B178-A36626B1CC67}.Web|Mixed Platforms.ActiveCfg = Web|Any CPU
		{E041902E-84F9-4C0A-B178-A36626B1CC67}.Web|x64.ActiveCfg = Web|Any CPU
		{E041902E-84F9-4C0A-B178-A36626B1CC67}.Web|x86.ActiveCfg = Web|Any CPU
		{E041902E-84F9-4C0A-B178-A36626B1CC67}.Win|Any CPU.ActiveCfg = Win|Any CPU
		{E041902E-84F9-4C0A-B178-A36626B1CC67}.Win|Any CPU.Deploy.0 = Win|Any CPU
		{E041902E-84F9-4C0A-B178-A36626B1CC67}.Win|ARM.ActiveCfg = Win|Any CPU
		{E041902E-84F9-4C0A-B178-A36626B1CC67}.Win|iPhone.ActiveCfg = Win|Any CPU
		{E041902E-84F9-4C0A-B178-A36626B1CC67}.Win|iPhoneSimulator.ActiveCfg = Win|Any CPU
		{E041902E-84F9-4C0A-B178-A36626B1CC67}.Win|Mixed Platforms.ActiveCfg = Win|Any CPU
		{E041902E-84F9-4C0A-B178-A36626B1CC67}.Win|x64.ActiveCfg = Win|Any CPU
		{E041902E-84F9-4C0A-B178-A36626B1CC67}.Win|x86.ActiveCfg = Win|Any CPU
		{E041902E-84F9-4C0A-B178-A36626B1CC67}.WinPhone|Any CPU.ActiveCfg = WinPhone|Any CPU
		{E041902E-84F9-4C0A-B178-A36626B1CC67}.WinPhone|Any CPU.Deploy.0 = WinPhone|Any CPU
		{E041902E-84F9-4C0A-B178-A36626B1CC67}.WinPhone|ARM.ActiveCfg = WinPhone|Any CPU
		{E041902E-84F9-4C0A-B178-A36626B1CC67}.WinPhone|iPhone.ActiveCfg = WinPhone|Any CPU
		{E041902E-84F9-4C0A-B178-A36626B1CC67}.WinPhone|iPhoneSimulator.ActiveCfg = WinPhone|Any CPU
		{E041902E-84F9-4C0A-B178-A36626B1CC67}.WinPhone|Mixed Platforms.ActiveCfg = WinPhone|Any CPU
		{E041902E-84F9-4C0A-B178-A36626B1CC67}.WinPhone|x64.ActiveCfg = WinPhone|Any CPU
		{E041902E-84F9-4C0A-B178-A36626B1CC67}.WinPhone|x86.ActiveCfg = WinPhone|Any CPU
		{16D77DD3-017C-4E65-A92E-CF15E5ECC201}.Ad-Hoc|Any CPU.ActiveCfg = Ad-Hoc|iPhone
		{16D77DD3-017C-4E65-A92E-CF15E5ECC201}.Ad-Hoc|ARM.ActiveCfg = Ad-Hoc|iPhone
		{16D77DD3-017C-4E65-A92E-CF15E5ECC201}.Ad-Hoc|iPhone.ActiveCfg = Ad-Hoc|iPhone
		{16D77DD3-017C-4E65-A92E-CF15E5ECC201}.Ad-Hoc|iPhone.Build.0 = Ad-Hoc|iPhone
		{16D77DD3-017C-4E65-A92E-CF15E5ECC201}.Ad-Hoc|iPhoneSimulator.ActiveCfg = Ad-Hoc|iPhoneSimulator
		{16D77DD3-017C-4E65-A92E-CF15E5ECC201}.Ad-Hoc|iPhoneSimulator.Build.0 = Ad-Hoc|iPhoneSimulator
		{16D77DD3-017C-4E65-A92E-CF15E5ECC201}.Ad-Hoc|Mixed Platforms.ActiveCfg = Ad-Hoc|iPhone
		{16D77DD3-017C-4E65-A92E-CF15E5ECC201}.Ad-Hoc|Mixed Platforms.Build.0 = Ad-Hoc|iPhone
		{16D77DD3-017C-4E65-A92E-CF15E5ECC201}.Ad-Hoc|x64.ActiveCfg = Ad-Hoc|iPhone
		{16D77DD3-017C-4E65-A92E-CF15E5ECC201}.Ad-Hoc|x86.ActiveCfg = Ad-Hoc|iPhone
		{16D77DD3-017C-4E65-A92E-CF15E5ECC201}.AndroidPhone|Any CPU.ActiveCfg = AndroidPhone|iPhone
		{16D77DD3-017C-4E65-A92E-CF15E5ECC201}.AndroidPhone|ARM.ActiveCfg = AndroidPhone|iPhone
		{16D77DD3-017C-4E65-A92E-CF15E5ECC201}.AndroidPhone|iPhone.ActiveCfg = AndroidPhone|iPhone
		{16D77DD3-017C-4E65-A92E-CF15E5ECC201}.AndroidPhone|iPhoneSimulator.ActiveCfg = AndroidPhone|iPhoneSimulator
		{16D77DD3-017C-4E65-A92E-CF15E5ECC201}.AndroidPhone|Mixed Platforms.ActiveCfg = AndroidPhone|iPhone
		{16D77DD3-017C-4E65-A92E-CF15E5ECC201}.AndroidPhone|x64.ActiveCfg = AndroidPhone|iPhone
		{16D77DD3-017C-4E65-A92E-CF15E5ECC201}.AndroidPhone|x86.ActiveCfg = AndroidPhone|iPhone
		{16D77DD3-017C-4E65-A92E-CF15E5ECC201}.AndroidTablet|Any CPU.ActiveCfg = AndroidTablet|iPhone
		{16D77DD3-017C-4E65-A92E-CF15E5ECC201}.AndroidTablet|ARM.ActiveCfg = AndroidTablet|iPhone
		{16D77DD3-017C-4E65-A92E-CF15E5ECC201}.AndroidTablet|iPhone.ActiveCfg = AndroidTablet|iPhone
		{16D77DD3-017C-4E65-A92E-CF15E5ECC201}.AndroidTablet|iPhoneSimulator.ActiveCfg = AndroidTablet|iPhoneSimulator
		{16D77DD3-017C-4E65-A92E-CF15E5ECC201}.AndroidTablet|Mixed Platforms.ActiveCfg = AndroidTablet|iPhone
		{16D77DD3-017C-4E65-A92E-CF15E5ECC201}.AndroidTablet|x64.ActiveCfg = AndroidTablet|iPhone
		{16D77DD3-017C-4E65-A92E-CF15E5ECC201}.AndroidTablet|x86.ActiveCfg = AndroidTablet|iPhone
		{16D77DD3-017C-4E65-A92E-CF15E5ECC201}.AppStore|Any CPU.ActiveCfg = AppStore|iPhone
		{16D77DD3-017C-4E65-A92E-CF15E5ECC201}.AppStore|ARM.ActiveCfg = AppStore|iPhone
		{16D77DD3-017C-4E65-A92E-CF15E5ECC201}.AppStore|iPhone.ActiveCfg = AppStore|iPhone
		{16D77DD3-017C-4E65-A92E-CF15E5ECC201}.AppStore|iPhone.Build.0 = AppStore|iPhone
		{16D77DD3-017C-4E65-A92E-CF15E5ECC201}.AppStore|iPhoneSimulator.ActiveCfg = AppStore|iPhoneSimulator
		{16D77DD3-017C-4E65-A92E-CF15E5ECC201}.AppStore|iPhoneSimulator.Build.0 = AppStore|iPhoneSimulator
		{16D77DD3-017C-4E65-A92E-CF15E5ECC201}.AppStore|Mixed Platforms.ActiveCfg = AppStore|iPhone
		{16D77DD3-017C-4E65-A92E-CF15E5ECC201}.AppStore|Mixed Platforms.Build.0 = AppStore|iPhone
		{16D77DD3-017C-4E65-A92E-CF15E5ECC201}.AppStore|x64.ActiveCfg = AppStore|iPhone
		{16D77DD3-017C-4E65-A92E-CF15E5ECC201}.AppStore|x86.ActiveCfg = AppStore|iPhone
		{16D77DD3-017C-4E65-A92E-CF15E5ECC201}.Debug|Any CPU.ActiveCfg = Debug|iPhone
		{16D77DD3-017C-4E65-A92E-CF15E5ECC201}.Debug|ARM.ActiveCfg = Debug|iPhone
		{16D77DD3-017C-4E65-A92E-CF15E5ECC201}.Debug|iPhone.ActiveCfg = Debug|iPhone
		{16D77DD3-017C-4E65-A92E-CF15E5ECC201}.Debug|iPhone.Build.0 = Debug|iPhone
		{16D77DD3-017C-4E65-A92E-CF15E5ECC201}.Debug|iPhoneSimulator.ActiveCfg = Debug|iPhoneSimulator
		{16D77DD3-017C-4E65-A92E-CF15E5ECC201}.Debug|iPhoneSimulator.Build.0 = Debug|iPhoneSimulator
		{16D77DD3-017C-4E65-A92E-CF15E5ECC201}.Debug|Mixed Platforms.ActiveCfg = Debug|iPhone
		{16D77DD3-017C-4E65-A92E-CF15E5ECC201}.Debug|x64.ActiveCfg = Debug|iPhone
		{16D77DD3-017C-4E65-A92E-CF15E5ECC201}.Debug|x86.ActiveCfg = Debug|iPhone
		{16D77DD3-017C-4E65-A92E-CF15E5ECC201}.Release|Any CPU.ActiveCfg = Release|iPhone
		{16D77DD3-017C-4E65-A92E-CF15E5ECC201}.Release|ARM.ActiveCfg = Release|iPhone
		{16D77DD3-017C-4E65-A92E-CF15E5ECC201}.Release|iPhone.ActiveCfg = Release|iPhone
		{16D77DD3-017C-4E65-A92E-CF15E5ECC201}.Release|iPhone.Build.0 = Release|iPhone
		{16D77DD3-017C-4E65-A92E-CF15E5ECC201}.Release|iPhoneSimulator.ActiveCfg = Release|iPhoneSimulator
		{16D77DD3-017C-4E65-A92E-CF15E5ECC201}.Release|iPhoneSimulator.Build.0 = Release|iPhoneSimulator
		{16D77DD3-017C-4E65-A92E-CF15E5ECC201}.Release|Mixed Platforms.ActiveCfg = Release|iPhone
		{16D77DD3-017C-4E65-A92E-CF15E5ECC201}.Release|Mixed Platforms.Build.0 = Release|iPhone
		{16D77DD3-017C-4E65-A92E-CF15E5ECC201}.Release|x64.ActiveCfg = Release|iPhone
		{16D77DD3-017C-4E65-A92E-CF15E5ECC201}.Release|x86.ActiveCfg = Release|iPhone
		{16D77DD3-017C-4E65-A92E-CF15E5ECC201}.Web|Any CPU.ActiveCfg = Web|iPhone
		{16D77DD3-017C-4E65-A92E-CF15E5ECC201}.Web|ARM.ActiveCfg = Web|iPhone
		{16D77DD3-017C-4E65-A92E-CF15E5ECC201}.Web|iPhone.ActiveCfg = Web|iPhone
		{16D77DD3-017C-4E65-A92E-CF15E5ECC201}.Web|iPhoneSimulator.ActiveCfg = Web|iPhoneSimulator
		{16D77DD3-017C-4E65-A92E-CF15E5ECC201}.Web|Mixed Platforms.ActiveCfg = Web|iPhone
		{16D77DD3-017C-4E65-A92E-CF15E5ECC201}.Web|x64.ActiveCfg = Web|iPhone
		{16D77DD3-017C-4E65-A92E-CF15E5ECC201}.Web|x86.ActiveCfg = Web|iPhone
		{16D77DD3-017C-4E65-A92E-CF15E5ECC201}.Win|Any CPU.ActiveCfg = Win|iPhone
		{16D77DD3-017C-4E65-A92E-CF15E5ECC201}.Win|ARM.ActiveCfg = Win|iPhone
		{16D77DD3-017C-4E65-A92E-CF15E5ECC201}.Win|iPhone.ActiveCfg = Win|iPhone
		{16D77DD3-017C-4E65-A92E-CF15E5ECC201}.Win|iPhoneSimulator.ActiveCfg = Win|iPhoneSimulator
		{16D77DD3-017C-4E65-A92E-CF15E5ECC201}.Win|Mixed Platforms.ActiveCfg = Win|iPhone
		{16D77DD3-017C-4E65-A92E-CF15E5ECC201}.Win|x64.ActiveCfg = Win|iPhone
		{16D77DD3-017C-4E65-A92E-CF15E5ECC201}.Win|x86.ActiveCfg = Win|iPhone
		{16D77DD3-017C-4E65-A92E-CF15E5ECC201}.WinPhone|Any CPU.ActiveCfg = WinPhone|iPhone
		{16D77DD3-017C-4E65-A92E-CF15E5ECC201}.WinPhone|ARM.ActiveCfg = WinPhone|iPhone
		{16D77DD3-017C-4E65-A92E-CF15E5ECC201}.WinPhone|iPhone.ActiveCfg = WinPhone|iPhone
		{16D77DD3-017C-4E65-A92E-CF15E5ECC201}.WinPhone|iPhoneSimulator.ActiveCfg = WinPhone|iPhoneSimulator
		{16D77DD3-017C-4E65-A92E-CF15E5ECC201}.WinPhone|Mixed Platforms.ActiveCfg = WinPhone|iPhone
		{16D77DD3-017C-4E65-A92E-CF15E5ECC201}.WinPhone|x64.ActiveCfg = WinPhone|iPhone
		{16D77DD3-017C-4E65-A92E-CF15E5ECC201}.WinPhone|x86.ActiveCfg = WinPhone|iPhone
		{BE7C8C1C-09A8-4C33-B371-BFB8D04BAD8C}.Ad-Hoc|Any CPU.ActiveCfg = Ad-Hoc|iPhone
		{BE7C8C1C-09A8-4C33-B371-BFB8D04BAD8C}.Ad-Hoc|ARM.ActiveCfg = Ad-Hoc|iPhone
		{BE7C8C1C-09A8-4C33-B371-BFB8D04BAD8C}.Ad-Hoc|iPhone.ActiveCfg = Ad-Hoc|iPhone
		{BE7C8C1C-09A8-4C33-B371-BFB8D04BAD8C}.Ad-Hoc|iPhone.Build.0 = Ad-Hoc|iPhone
		{BE7C8C1C-09A8-4C33-B371-BFB8D04BAD8C}.Ad-Hoc|iPhoneSimulator.ActiveCfg = Ad-Hoc|iPhoneSimulator
		{BE7C8C1C-09A8-4C33-B371-BFB8D04BAD8C}.Ad-Hoc|iPhoneSimulator.Build.0 = Ad-Hoc|iPhoneSimulator
		{BE7C8C1C-09A8-4C33-B371-BFB8D04BAD8C}.Ad-Hoc|Mixed Platforms.ActiveCfg = Ad-Hoc|iPhone
		{BE7C8C1C-09A8-4C33-B371-BFB8D04BAD8C}.Ad-Hoc|Mixed Platforms.Build.0 = Ad-Hoc|iPhone
		{BE7C8C1C-09A8-4C33-B371-BFB8D04BAD8C}.Ad-Hoc|x64.ActiveCfg = Ad-Hoc|iPhone
		{BE7C8C1C-09A8-4C33-B371-BFB8D04BAD8C}.Ad-Hoc|x86.ActiveCfg = Ad-Hoc|iPhone
		{BE7C8C1C-09A8-4C33-B371-BFB8D04BAD8C}.AndroidPhone|Any CPU.ActiveCfg = AndroidPhone|iPhone
		{BE7C8C1C-09A8-4C33-B371-BFB8D04BAD8C}.AndroidPhone|ARM.ActiveCfg = AndroidPhone|iPhone
		{BE7C8C1C-09A8-4C33-B371-BFB8D04BAD8C}.AndroidPhone|iPhone.ActiveCfg = AndroidPhone|iPhone
		{BE7C8C1C-09A8-4C33-B371-BFB8D04BAD8C}.AndroidPhone|iPhoneSimulator.ActiveCfg = AndroidPhone|iPhoneSimulator
		{BE7C8C1C-09A8-4C33-B371-BFB8D04BAD8C}.AndroidPhone|Mixed Platforms.ActiveCfg = AndroidPhone|iPhone
		{BE7C8C1C-09A8-4C33-B371-BFB8D04BAD8C}.AndroidPhone|x64.ActiveCfg = AndroidPhone|iPhone
		{BE7C8C1C-09A8-4C33-B371-BFB8D04BAD8C}.AndroidPhone|x86.ActiveCfg = AndroidPhone|iPhone
		{BE7C8C1C-09A8-4C33-B371-BFB8D04BAD8C}.AndroidTablet|Any CPU.ActiveCfg = AndroidTablet|iPhone
		{BE7C8C1C-09A8-4C33-B371-BFB8D04BAD8C}.AndroidTablet|ARM.ActiveCfg = AndroidTablet|iPhone
		{BE7C8C1C-09A8-4C33-B371-BFB8D04BAD8C}.AndroidTablet|iPhone.ActiveCfg = AndroidTablet|iPhone
		{BE7C8C1C-09A8-4C33-B371-BFB8D04BAD8C}.AndroidTablet|iPhoneSimulator.ActiveCfg = AndroidTablet|iPhoneSimulator
		{BE7C8C1C-09A8-4C33-B371-BFB8D04BAD8C}.AndroidTablet|Mixed Platforms.ActiveCfg = AndroidTablet|iPhone
		{BE7C8C1C-09A8-4C33-B371-BFB8D04BAD8C}.AndroidTablet|x64.ActiveCfg = AndroidTablet|iPhone
		{BE7C8C1C-09A8-4C33-B371-BFB8D04BAD8C}.AndroidTablet|x86.ActiveCfg = AndroidTablet|iPhone
		{BE7C8C1C-09A8-4C33-B371-BFB8D04BAD8C}.AppStore|Any CPU.ActiveCfg = AppStore|iPhone
		{BE7C8C1C-09A8-4C33-B371-BFB8D04BAD8C}.AppStore|ARM.ActiveCfg = AppStore|iPhone
		{BE7C8C1C-09A8-4C33-B371-BFB8D04BAD8C}.AppStore|iPhone.ActiveCfg = AppStore|iPhone
		{BE7C8C1C-09A8-4C33-B371-BFB8D04BAD8C}.AppStore|iPhone.Build.0 = AppStore|iPhone
		{BE7C8C1C-09A8-4C33-B371-BFB8D04BAD8C}.AppStore|iPhoneSimulator.ActiveCfg = AppStore|iPhoneSimulator
		{BE7C8C1C-09A8-4C33-B371-BFB8D04BAD8C}.AppStore|iPhoneSimulator.Build.0 = AppStore|iPhoneSimulator
		{BE7C8C1C-09A8-4C33-B371-BFB8D04BAD8C}.AppStore|Mixed Platforms.ActiveCfg = AppStore|iPhone
		{BE7C8C1C-09A8-4C33-B371-BFB8D04BAD8C}.AppStore|Mixed Platforms.Build.0 = AppStore|iPhone
		{BE7C8C1C-09A8-4C33-B371-BFB8D04BAD8C}.AppStore|x64.ActiveCfg = AppStore|iPhone
		{BE7C8C1C-09A8-4C33-B371-BFB8D04BAD8C}.AppStore|x86.ActiveCfg = AppStore|iPhone
		{BE7C8C1C-09A8-4C33-B371-BFB8D04BAD8C}.Debug|Any CPU.ActiveCfg = Debug|iPhone
		{BE7C8C1C-09A8-4C33-B371-BFB8D04BAD8C}.Debug|ARM.ActiveCfg = Debug|iPhone
		{BE7C8C1C-09A8-4C33-B371-BFB8D04BAD8C}.Debug|iPhone.ActiveCfg = Debug|iPhone
		{BE7C8C1C-09A8-4C33-B371-BFB8D04BAD8C}.Debug|iPhone.Build.0 = Debug|iPhone
		{BE7C8C1C-09A8-4C33-B371-BFB8D04BAD8C}.Debug|iPhoneSimulator.ActiveCfg = Debug|iPhoneSimulator
		{BE7C8C1C-09A8-4C33-B371-BFB8D04BAD8C}.Debug|iPhoneSimulator.Build.0 = Debug|iPhoneSimulator
		{BE7C8C1C-09A8-4C33-B371-BFB8D04BAD8C}.Debug|Mixed Platforms.ActiveCfg = Debug|iPhone
		{BE7C8C1C-09A8-4C33-B371-BFB8D04BAD8C}.Debug|x64.ActiveCfg = Debug|iPhone
		{BE7C8C1C-09A8-4C33-B371-BFB8D04BAD8C}.Debug|x86.ActiveCfg = Debug|iPhone
		{BE7C8C1C-09A8-4C33-B371-BFB8D04BAD8C}.Release|Any CPU.ActiveCfg = Release|iPhone
		{BE7C8C1C-09A8-4C33-B371-BFB8D04BAD8C}.Release|ARM.ActiveCfg = Release|iPhone
		{BE7C8C1C-09A8-4C33-B371-BFB8D04BAD8C}.Release|iPhone.ActiveCfg = Release|iPhone
		{BE7C8C1C-09A8-4C33-B371-BFB8D04BAD8C}.Release|iPhone.Build.0 = Release|iPhone
		{BE7C8C1C-09A8-4C33-B371-BFB8D04BAD8C}.Release|iPhoneSimulator.ActiveCfg = Release|iPhoneSimulator
		{BE7C8C1C-09A8-4C33-B371-BFB8D04BAD8C}.Release|iPhoneSimulator.Build.0 = Release|iPhoneSimulator
		{BE7C8C1C-09A8-4C33-B371-BFB8D04BAD8C}.Release|Mixed Platforms.ActiveCfg = Release|iPhone
		{BE7C8C1C-09A8-4C33-B371-BFB8D04BAD8C}.Release|Mixed Platforms.Build.0 = Release|iPhone
		{BE7C8C1C-09A8-4C33-B371-BFB8D04BAD8C}.Release|x64.ActiveCfg = Release|iPhone
		{BE7C8C1C-09A8-4C33-B371-BFB8D04BAD8C}.Release|x86.ActiveCfg = Release|iPhone
		{BE7C8C1C-09A8-4C33-B371-BFB8D04BAD8C}.Web|Any CPU.ActiveCfg = Web|iPhone
		{BE7C8C1C-09A8-4C33-B371-BFB8D04BAD8C}.Web|ARM.ActiveCfg = Web|iPhone
		{BE7C8C1C-09A8-4C33-B371-BFB8D04BAD8C}.Web|iPhone.ActiveCfg = Web|iPhone
		{BE7C8C1C-09A8-4C33-B371-BFB8D04BAD8C}.Web|iPhoneSimulator.ActiveCfg = Web|iPhoneSimulator
		{BE7C8C1C-09A8-4C33-B371-BFB8D04BAD8C}.Web|Mixed Platforms.ActiveCfg = Web|iPhone
		{BE7C8C1C-09A8-4C33-B371-BFB8D04BAD8C}.Web|x64.ActiveCfg = Web|iPhone
		{BE7C8C1C-09A8-4C33-B371-BFB8D04BAD8C}.Web|x86.ActiveCfg = Web|iPhone
		{BE7C8C1C-09A8-4C33-B371-BFB8D04BAD8C}.Win|Any CPU.ActiveCfg = Win|iPhone
		{BE7C8C1C-09A8-4C33-B371-BFB8D04BAD8C}.Win|ARM.ActiveCfg = Win|iPhone
		{BE7C8C1C-09A8-4C33-B371-BFB8D04BAD8C}.Win|iPhone.ActiveCfg = Win|iPhone
		{BE7C8C1C-09A8-4C33-B371-BFB8D04BAD8C}.Win|iPhoneSimulator.ActiveCfg = Win|iPhoneSimulator
		{BE7C8C1C-09A8-4C33-B371-BFB8D04BAD8C}.Win|Mixed Platforms.ActiveCfg = Win|iPhone
		{BE7C8C1C-09A8-4C33-B371-BFB8D04BAD8C}.Win|x64.ActiveCfg = Win|iPhone
		{BE7C8C1C-09A8-4C33-B371-BFB8D04BAD8C}.Win|x86.ActiveCfg = Win|iPhone
		{BE7C8C1C-09A8-4C33-B371-BFB8D04BAD8C}.WinPhone|Any CPU.ActiveCfg = WinPhone|iPhone
		{BE7C8C1C-09A8-4C33-B371-BFB8D04BAD8C}.WinPhone|ARM.ActiveCfg = WinPhone|iPhone
		{BE7C8C1C-09A8-4C33-B371-BFB8D04BAD8C}.WinPhone|iPhone.ActiveCfg = WinPhone|iPhone
		{BE7C8C1C-09A8-4C33-B371-BFB8D04BAD8C}.WinPhone|iPhoneSimulator.ActiveCfg = WinPhone|iPhoneSimulator
		{BE7C8C1C-09A8-4C33-B371-BFB8D04BAD8C}.WinPhone|Mixed Platforms.ActiveCfg = WinPhone|iPhone
		{BE7C8C1C-09A8-4C33-B371-BFB8D04BAD8C}.WinPhone|x64.ActiveCfg = WinPhone|iPhone
		{BE7C8C1C-09A8-4C33-B371-BFB8D04BAD8C}.WinPhone|x86.ActiveCfg = WinPhone|iPhone
		{73F9AB29-527B-49EA-A24E-E4C800D1800D}.Ad-Hoc|Any CPU.ActiveCfg = Release|Any CPU
		{73F9AB29-527B-49EA-A24E-E4C800D1800D}.Ad-Hoc|Any CPU.Build.0 = Release|Any CPU
		{73F9AB29-527B-49EA-A24E-E4C800D1800D}.Ad-Hoc|ARM.ActiveCfg = Release|Any CPU
		{73F9AB29-527B-49EA-A24E-E4C800D1800D}.Ad-Hoc|iPhone.ActiveCfg = Release|Any CPU
		{73F9AB29-527B-49EA-A24E-E4C800D1800D}.Ad-Hoc|iPhoneSimulator.ActiveCfg = Release|Any CPU
		{73F9AB29-527B-49EA-A24E-E4C800D1800D}.Ad-Hoc|Mixed Platforms.ActiveCfg = Release|Any CPU
		{73F9AB29-527B-49EA-A24E-E4C800D1800D}.Ad-Hoc|Mixed Platforms.Build.0 = Release|Any CPU
		{73F9AB29-527B-49EA-A24E-E4C800D1800D}.Ad-Hoc|x64.ActiveCfg = Release|Any CPU
		{73F9AB29-527B-49EA-A24E-E4C800D1800D}.Ad-Hoc|x86.ActiveCfg = Release|Any CPU
		{73F9AB29-527B-49EA-A24E-E4C800D1800D}.AndroidPhone|Any CPU.ActiveCfg = AndroidPhone|Any CPU
		{73F9AB29-527B-49EA-A24E-E4C800D1800D}.AndroidPhone|Any CPU.Build.0 = AndroidPhone|Any CPU
		{73F9AB29-527B-49EA-A24E-E4C800D1800D}.AndroidPhone|ARM.ActiveCfg = AndroidPhone|Any CPU
		{73F9AB29-527B-49EA-A24E-E4C800D1800D}.AndroidPhone|iPhone.ActiveCfg = AndroidPhone|Any CPU
		{73F9AB29-527B-49EA-A24E-E4C800D1800D}.AndroidPhone|iPhoneSimulator.ActiveCfg = AndroidPhone|Any CPU
		{73F9AB29-527B-49EA-A24E-E4C800D1800D}.AndroidPhone|Mixed Platforms.ActiveCfg = AndroidPhone|Any CPU
		{73F9AB29-527B-49EA-A24E-E4C800D1800D}.AndroidPhone|Mixed Platforms.Build.0 = AndroidPhone|Any CPU
		{73F9AB29-527B-49EA-A24E-E4C800D1800D}.AndroidPhone|x64.ActiveCfg = AndroidPhone|Any CPU
		{73F9AB29-527B-49EA-A24E-E4C800D1800D}.AndroidPhone|x86.ActiveCfg = AndroidPhone|Any CPU
		{73F9AB29-527B-49EA-A24E-E4C800D1800D}.AndroidTablet|Any CPU.ActiveCfg = AndroidTablet|Any CPU
		{73F9AB29-527B-49EA-A24E-E4C800D1800D}.AndroidTablet|Any CPU.Build.0 = AndroidTablet|Any CPU
		{73F9AB29-527B-49EA-A24E-E4C800D1800D}.AndroidTablet|ARM.ActiveCfg = AndroidTablet|Any CPU
		{73F9AB29-527B-49EA-A24E-E4C800D1800D}.AndroidTablet|iPhone.ActiveCfg = AndroidTablet|Any CPU
		{73F9AB29-527B-49EA-A24E-E4C800D1800D}.AndroidTablet|iPhoneSimulator.ActiveCfg = AndroidTablet|Any CPU
		{73F9AB29-527B-49EA-A24E-E4C800D1800D}.AndroidTablet|Mixed Platforms.ActiveCfg = AndroidTablet|Any CPU
		{73F9AB29-527B-49EA-A24E-E4C800D1800D}.AndroidTablet|Mixed Platforms.Build.0 = AndroidTablet|Any CPU
		{73F9AB29-527B-49EA-A24E-E4C800D1800D}.AndroidTablet|x64.ActiveCfg = AndroidTablet|Any CPU
		{73F9AB29-527B-49EA-A24E-E4C800D1800D}.AndroidTablet|x86.ActiveCfg = AndroidTablet|Any CPU
		{73F9AB29-527B-49EA-A24E-E4C800D1800D}.AppStore|Any CPU.ActiveCfg = Release|Any CPU
		{73F9AB29-527B-49EA-A24E-E4C800D1800D}.AppStore|Any CPU.Build.0 = Release|Any CPU
		{73F9AB29-527B-49EA-A24E-E4C800D1800D}.AppStore|ARM.ActiveCfg = Release|Any CPU
		{73F9AB29-527B-49EA-A24E-E4C800D1800D}.AppStore|iPhone.ActiveCfg = Release|Any CPU
		{73F9AB29-527B-49EA-A24E-E4C800D1800D}.AppStore|iPhoneSimulator.ActiveCfg = Release|Any CPU
		{73F9AB29-527B-49EA-A24E-E4C800D1800D}.AppStore|Mixed Platforms.ActiveCfg = Release|Any CPU
		{73F9AB29-527B-49EA-A24E-E4C800D1800D}.AppStore|Mixed Platforms.Build.0 = Release|Any CPU
		{73F9AB29-527B-49EA-A24E-E4C800D1800D}.AppStore|x64.ActiveCfg = Release|Any CPU
		{73F9AB29-527B-49EA-A24E-E4C800D1800D}.AppStore|x86.ActiveCfg = Release|Any CPU
		{73F9AB29-527B-49EA-A24E-E4C800D1800D}.Debug|Any CPU.ActiveCfg = Debug|Any CPU
		{73F9AB29-527B-49EA-A24E-E4C800D1800D}.Debug|Any CPU.Build.0 = Debug|Any CPU
		{73F9AB29-527B-49EA-A24E-E4C800D1800D}.Debug|ARM.ActiveCfg = Debug|Any CPU
		{73F9AB29-527B-49EA-A24E-E4C800D1800D}.Debug|iPhone.ActiveCfg = Debug|Any CPU
		{73F9AB29-527B-49EA-A24E-E4C800D1800D}.Debug|iPhoneSimulator.ActiveCfg = Debug|Any CPU
		{73F9AB29-527B-49EA-A24E-E4C800D1800D}.Debug|Mixed Platforms.ActiveCfg = Debug|Any CPU
		{73F9AB29-527B-49EA-A24E-E4C800D1800D}.Debug|Mixed Platforms.Build.0 = Debug|Any CPU
		{73F9AB29-527B-49EA-A24E-E4C800D1800D}.Debug|x64.ActiveCfg = Debug|Any CPU
		{73F9AB29-527B-49EA-A24E-E4C800D1800D}.Debug|x86.ActiveCfg = Debug|Any CPU
		{73F9AB29-527B-49EA-A24E-E4C800D1800D}.Release|Any CPU.ActiveCfg = Release|Any CPU
		{73F9AB29-527B-49EA-A24E-E4C800D1800D}.Release|Any CPU.Build.0 = Release|Any CPU
		{73F9AB29-527B-49EA-A24E-E4C800D1800D}.Release|ARM.ActiveCfg = Release|Any CPU
		{73F9AB29-527B-49EA-A24E-E4C800D1800D}.Release|iPhone.ActiveCfg = Release|Any CPU
		{73F9AB29-527B-49EA-A24E-E4C800D1800D}.Release|iPhoneSimulator.ActiveCfg = Release|Any CPU
		{73F9AB29-527B-49EA-A24E-E4C800D1800D}.Release|Mixed Platforms.ActiveCfg = Release|Any CPU
		{73F9AB29-527B-49EA-A24E-E4C800D1800D}.Release|Mixed Platforms.Build.0 = Release|Any CPU
		{73F9AB29-527B-49EA-A24E-E4C800D1800D}.Release|x64.ActiveCfg = Release|Any CPU
		{73F9AB29-527B-49EA-A24E-E4C800D1800D}.Release|x86.ActiveCfg = Release|Any CPU
		{73F9AB29-527B-49EA-A24E-E4C800D1800D}.Web|Any CPU.ActiveCfg = Web|Any CPU
		{73F9AB29-527B-49EA-A24E-E4C800D1800D}.Web|Any CPU.Build.0 = Web|Any CPU
		{73F9AB29-527B-49EA-A24E-E4C800D1800D}.Web|ARM.ActiveCfg = Web|Any CPU
		{73F9AB29-527B-49EA-A24E-E4C800D1800D}.Web|iPhone.ActiveCfg = Web|Any CPU
		{73F9AB29-527B-49EA-A24E-E4C800D1800D}.Web|iPhoneSimulator.ActiveCfg = Web|Any CPU
		{73F9AB29-527B-49EA-A24E-E4C800D1800D}.Web|Mixed Platforms.ActiveCfg = Web|Any CPU
		{73F9AB29-527B-49EA-A24E-E4C800D1800D}.Web|Mixed Platforms.Build.0 = Web|Any CPU
		{73F9AB29-527B-49EA-A24E-E4C800D1800D}.Web|x64.ActiveCfg = Web|Any CPU
		{73F9AB29-527B-49EA-A24E-E4C800D1800D}.Web|x86.ActiveCfg = Web|Any CPU
		{73F9AB29-527B-49EA-A24E-E4C800D1800D}.Win|Any CPU.ActiveCfg = Win|Any CPU
		{73F9AB29-527B-49EA-A24E-E4C800D1800D}.Win|Any CPU.Build.0 = Win|Any CPU
		{73F9AB29-527B-49EA-A24E-E4C800D1800D}.Win|ARM.ActiveCfg = Win|Any CPU
		{73F9AB29-527B-49EA-A24E-E4C800D1800D}.Win|iPhone.ActiveCfg = Win|Any CPU
		{73F9AB29-527B-49EA-A24E-E4C800D1800D}.Win|iPhoneSimulator.ActiveCfg = Win|Any CPU
		{73F9AB29-527B-49EA-A24E-E4C800D1800D}.Win|Mixed Platforms.ActiveCfg = Win|Any CPU
		{73F9AB29-527B-49EA-A24E-E4C800D1800D}.Win|Mixed Platforms.Build.0 = Win|Any CPU
		{73F9AB29-527B-49EA-A24E-E4C800D1800D}.Win|x64.ActiveCfg = Win|Any CPU
		{73F9AB29-527B-49EA-A24E-E4C800D1800D}.Win|x86.ActiveCfg = Win|Any CPU
		{73F9AB29-527B-49EA-A24E-E4C800D1800D}.WinPhone|Any CPU.ActiveCfg = WinPhone|Any CPU
		{73F9AB29-527B-49EA-A24E-E4C800D1800D}.WinPhone|Any CPU.Build.0 = WinPhone|Any CPU
		{73F9AB29-527B-49EA-A24E-E4C800D1800D}.WinPhone|ARM.ActiveCfg = WinPhone|Any CPU
		{73F9AB29-527B-49EA-A24E-E4C800D1800D}.WinPhone|iPhone.ActiveCfg = WinPhone|Any CPU
		{73F9AB29-527B-49EA-A24E-E4C800D1800D}.WinPhone|iPhoneSimulator.ActiveCfg = WinPhone|Any CPU
		{73F9AB29-527B-49EA-A24E-E4C800D1800D}.WinPhone|Mixed Platforms.ActiveCfg = WinPhone|Any CPU
		{73F9AB29-527B-49EA-A24E-E4C800D1800D}.WinPhone|Mixed Platforms.Build.0 = WinPhone|Any CPU
		{73F9AB29-527B-49EA-A24E-E4C800D1800D}.WinPhone|x64.ActiveCfg = WinPhone|Any CPU
		{73F9AB29-527B-49EA-A24E-E4C800D1800D}.WinPhone|x86.ActiveCfg = WinPhone|Any CPU
	EndGlobalSection
	GlobalSection(SolutionProperties) = preSolution
		HideSolutionNode = FALSE
	EndGlobalSection
EndGlobal
